PODS:
  - AFNetworking (4.0.1):
    - AFNetworking/NSURLSession (= 4.0.1)
    - AFNetworking/Reachability (= 4.0.1)
    - AFNetworking/Security (= 4.0.1)
    - AFNetworking/Serialization (= 4.0.1)
    - AFNetworking/UIKit (= 4.0.1)
  - AFNetworking/NSURLSession (4.0.1):
    - AFNetworking/Reachability
    - AFNetworking/Security
    - AFNetworking/Serialization
  - AFNetworking/Reachability (4.0.1)
  - AFNetworking/Security (4.0.1)
  - AFNetworking/Serialization (4.0.1)
  - AFNetworking/UIKit (4.0.1):
    - AFNetworking/NSURLSession
  - Mantle (2.1.6):
    - Mantle/extobjc (= 2.1.6)
  - Mantle/extobjc (2.1.6)
  - MD5Digest (1.1.0)
  - OpenUDID (1.0.0)
  - XAbstractionLibrary-Base (0.0.24):
    - MD5Digest
    - OpenUDID
  - XAbstractionLibrary-NetWork (0.0.22):
    - AFNetworking
    - XAbstractionLibrary-Base
  - XAbstractionLibrary-Parse (0.0.22):
    - Mantle (~> 2.1.0)
    - XAbstractionLibrary-Base
  - XAbstractionLibrary-UICommon (0.0.22):
    - XAbstractionLibrary-Base
    - XAbstractionLibrary-NetWork
    - XAbstractionLibrary-Parse
    - XXNibBridge
  - XXNibBridge (2.3.1)

DEPENDENCIES:
  - XAbstractionLibrary-UICommon (from `../`)
  - XXNibBridge

SPEC REPOS:
  https://github.com/jiaojiaozhe/XAbstractionLibrary-Specs:
    - XAbstractionLibrary-Base
    - XAbstractionLibrary-NetWork
    - XAbstractionLibrary-Parse
  https://mirrors.tuna.tsinghua.edu.cn/git/CocoaPods/Specs.git:
    - AFNetworking
    - Mantle
    - MD5Digest
    - OpenUDID
    - XXNibBridge

EXTERNAL SOURCES:
  XAbstractionLibrary-UICommon:
    :path: "../"

SPEC CHECKSUMS:
  AFNetworking: 7864c38297c79aaca1500c33288e429c3451fdce
  Mantle: 4c0ed6ce47c96eccc4dc3bb071deb3def0e2c3be
  MD5Digest: fea371215507cfcdc3c9633d02cffc7fd075ebc3
  OpenUDID: e7cb6984c7304906ad20f3a36bf087b025896b6b
  XAbstractionLibrary-Base: ebd74cea5ae87825b427c9e0c5d6d267a18c377a
  XAbstractionLibrary-NetWork: 57912028858b2916248ddab3aa3eab01adfa5333
  XAbstractionLibrary-Parse: aa942e949f9380421cca2c9b012076844ab7a68e
  XAbstractionLibrary-UICommon: f145b8323d1c3bc0bd0228219fc2f2110d3bb0c0
  XXNibBridge: addb780e6db076eb2c61716aa60b176a6799b80f

PODFILE CHECKSUM: f77f86bf6f7c176078b670d5ff24f9e65b262b86

COCOAPODS: 1.9.1
