PODS:
  - AFNetworking (3.2.1):
    - AFNetworking/NSURLSession (= 3.2.1)
    - AFNetworking/Reachability (= 3.2.1)
    - AFNetworking/Security (= 3.2.1)
    - AFNetworking/Serialization (= 3.2.1)
    - AFNetworking/UIKit (= 3.2.1)
  - AFNetworking/NSURLSession (3.2.1):
    - AFNetworking/Reachability
    - AFNetworking/Security
    - AFNetworking/Serialization
  - AFNetworking/Reachability (3.2.1)
  - AFNetworking/Security (3.2.1)
  - AFNetworking/Serialization (3.2.1)
  - AFNetworking/UIKit (3.2.1):
    - AFNetworking/NSURLSession
  - Mantle (2.1.0):
    - Mantle/extobjc (= 2.1.0)
  - Mantle/extobjc (2.1.0)
  - MD5Digest (1.1.0)
  - OpenUDID (1.0.0)
  - XAbstractionLibrary-Base (0.0.12):
    - MD5Digest
    - OpenUDID
  - XAbstractionLibrary-NetWork (0.0.9):
    - AFNetworking
    - XAbstractionLibrary-Base
  - XAbstractionLibrary-Parse (0.0.3):
    - Mantle (~> 2.1.0)
    - XAbstractionLibrary-Base
  - XAbstractionLibrary-UICommon (0.0.2):
    - XAbstractionLibrary-NetWork
    - XAbstractionLibrary-Parse
  - XXNibBridge (2.3.1)

DEPENDENCIES:
  - XAbstractionLibrary-UICommon (from `../`)
  - XXNibBridge

SPEC REPOS:
  https://github.com/CocoaPods/Specs.git:
    - AFNetworking
    - Mantle
    - MD5Digest
    - OpenUDID
    - XXNibBridge
  https://github.com/jiaojiaozhe/XAbstractionLibrary-Specs:
    - XAbstractionLibrary-Base
    - XAbstractionLibrary-NetWork
    - XAbstractionLibrary-Parse

EXTERNAL SOURCES:
  XAbstractionLibrary-UICommon:
    :path: "../"

SPEC CHECKSUMS:
  AFNetworking: b6f891fdfaed196b46c7a83cf209e09697b94057
  Mantle: 2fa750afa478cd625a94230fbf1c13462f29395b
  MD5Digest: fea371215507cfcdc3c9633d02cffc7fd075ebc3
  OpenUDID: e7cb6984c7304906ad20f3a36bf087b025896b6b
  XAbstractionLibrary-Base: 88d83107f0189173c24c851c502487ac3e053801
  XAbstractionLibrary-NetWork: 210af94c730e4f65edf5bdbc87d4ff723094ccc3
  XAbstractionLibrary-Parse: a36da48d554985035b0e6d4c0f392ff6bdf9d769
  XAbstractionLibrary-UICommon: 55658a2bacaa056a6dcbaa17501c28aabe6f75a6
  XXNibBridge: addb780e6db076eb2c61716aa60b176a6799b80f

PODFILE CHECKSUM: 6d20b88b59e2ca262f3e89d7e8d3bebd47ffaad8

COCOAPODS: 1.5.0
