// !$*UTF8*$!
{
	archiveVersion = 1;
	classes = {
	};
	objectVersion = 46;
	objects = {

/* Begin PBXBuildFile section */
		2ECFDCF87D12F269646DE0DD /* Pods_XAbstractionLibrary_UICommon_Tests.framework in Frameworks */ = {isa = PBXBuildFile; fileRef = 537AFEC73417810B1568002A /* Pods_XAbstractionLibrary_UICommon_Tests.framework */; };
		6003F58E195388D20070C39A /* Foundation.framework in Frameworks */ = {isa = PBXBuildFile; fileRef = 6003F58D195388D20070C39A /* Foundation.framework */; settings = {ATTRIBUTES = (Required, ); }; };
		6003F590195388D20070C39A /* CoreGraphics.framework in Frameworks */ = {isa = PBXBuildFile; fileRef = 6003F58F195388D20070C39A /* CoreGraphics.framework */; settings = {ATTRIBUTES = (Required, ); }; };
		6003F592195388D20070C39A /* UIKit.framework in Frameworks */ = {isa = PBXBuildFile; fileRef = 6003F591195388D20070C39A /* UIKit.framework */; settings = {ATTRIBUTES = (Required, ); }; };
		6003F598195388D20070C39A /* InfoPlist.strings in Resources */ = {isa = PBXBuildFile; fileRef = 6003F596195388D20070C39A /* InfoPlist.strings */; };
		6003F59A195388D20070C39A /* main.m in Sources */ = {isa = PBXBuildFile; fileRef = 6003F599195388D20070C39A /* main.m */; };
		6003F59E195388D20070C39A /* XAppDelegate.m in Sources */ = {isa = PBXBuildFile; fileRef = 6003F59D195388D20070C39A /* XAppDelegate.m */; };
		6003F5A9195388D20070C39A /* Images.xcassets in Resources */ = {isa = PBXBuildFile; fileRef = 6003F5A8195388D20070C39A /* Images.xcassets */; };
		6003F5B0195388D20070C39A /* XCTest.framework in Frameworks */ = {isa = PBXBuildFile; fileRef = 6003F5AF195388D20070C39A /* XCTest.framework */; };
		6003F5B1195388D20070C39A /* Foundation.framework in Frameworks */ = {isa = PBXBuildFile; fileRef = 6003F58D195388D20070C39A /* Foundation.framework */; };
		6003F5B2195388D20070C39A /* UIKit.framework in Frameworks */ = {isa = PBXBuildFile; fileRef = 6003F591195388D20070C39A /* UIKit.framework */; };
		6003F5BA195388D20070C39A /* InfoPlist.strings in Resources */ = {isa = PBXBuildFile; fileRef = 6003F5B8195388D20070C39A /* InfoPlist.strings */; };
		6003F5BC195388D20070C39A /* Tests.m in Sources */ = {isa = PBXBuildFile; fileRef = 6003F5BB195388D20070C39A /* Tests.m */; };
		71719F9F1E33DC2100824A3D /* LaunchScreen.storyboard in Resources */ = {isa = PBXBuildFile; fileRef = 71719F9D1E33DC2100824A3D /* LaunchScreen.storyboard */; };
		873B8AEB1B1F5CCA007FD442 /* Main.storyboard in Resources */ = {isa = PBXBuildFile; fileRef = 873B8AEA1B1F5CCA007FD442 /* Main.storyboard */; };
		BCA51C5724FE1B8B001E56CB /* ViewController3.xib in Resources */ = {isa = PBXBuildFile; fileRef = BCA51BE424FE1B8A001E56CB /* ViewController3.xib */; };
		BCA51C5824FE1B8B001E56CB /* ViewController2.xib in Resources */ = {isa = PBXBuildFile; fileRef = BCA51BE524FE1B8A001E56CB /* ViewController2.xib */; };
		BCA51C5924FE1B8B001E56CB /* ViewController1.xib in Resources */ = {isa = PBXBuildFile; fileRef = BCA51BE624FE1B8A001E56CB /* ViewController1.xib */; };
		BCA51C5A24FE1B8B001E56CB /* ViewController5.xib in Resources */ = {isa = PBXBuildFile; fileRef = BCA51BE824FE1B8A001E56CB /* ViewController5.xib */; };
		BCA51C5B24FE1B8B001E56CB /* ViewController6.m in Sources */ = {isa = PBXBuildFile; fileRef = BCA51BE924FE1B8A001E56CB /* ViewController6.m */; };
		BCA51C5C24FE1B8B001E56CB /* ViewController4.xib in Resources */ = {isa = PBXBuildFile; fileRef = BCA51BEA24FE1B8A001E56CB /* ViewController4.xib */; };
		BCA51C5D24FE1B8B001E56CB /* TabBar.m in Sources */ = {isa = PBXBuildFile; fileRef = BCA51BEB24FE1B8A001E56CB /* TabBar.m */; };
		BCA51C5E24FE1B8B001E56CB /* ViewController2.m in Sources */ = {isa = PBXBuildFile; fileRef = BCA51BEC24FE1B8A001E56CB /* ViewController2.m */; };
		BCA51C5F24FE1B8B001E56CB /* ViewController6.xib in Resources */ = {isa = PBXBuildFile; fileRef = BCA51BED24FE1B8A001E56CB /* ViewController6.xib */; };
		BCA51C6024FE1B8B001E56CB /* ViewController5.m in Sources */ = {isa = PBXBuildFile; fileRef = BCA51BEF24FE1B8A001E56CB /* ViewController5.m */; };
		BCA51C6124FE1B8B001E56CB /* TabBarItem.xib in Resources */ = {isa = PBXBuildFile; fileRef = BCA51BF124FE1B8A001E56CB /* TabBarItem.xib */; };
		BCA51C6224FE1B8B001E56CB /* ViewController1.m in Sources */ = {isa = PBXBuildFile; fileRef = BCA51BF324FE1B8A001E56CB /* ViewController1.m */; };
		BCA51C6324FE1B8B001E56CB /* ViewController4.m in Sources */ = {isa = PBXBuildFile; fileRef = BCA51BF424FE1B8A001E56CB /* ViewController4.m */; };
		BCA51C6424FE1B8B001E56CB /* TabBar.xib in Resources */ = {isa = PBXBuildFile; fileRef = BCA51BF624FE1B8A001E56CB /* TabBar.xib */; };
		BCA51C6524FE1B8B001E56CB /* TabBarItem.m in Sources */ = {isa = PBXBuildFile; fileRef = BCA51BF924FE1B8A001E56CB /* TabBarItem.m */; };
		BCA51C6624FE1B8B001E56CB /* ViewController3.m in Sources */ = {isa = PBXBuildFile; fileRef = BCA51BFB24FE1B8A001E56CB /* ViewController3.m */; };
		BCA51C6724FE1B8B001E56CB /* TabBarViewController.m in Sources */ = {isa = PBXBuildFile; fileRef = BCA51BFC24FE1B8A001E56CB /* TabBarViewController.m */; };
		BCA51C6824FE1B8B001E56CB /* MainViewController.m in Sources */ = {isa = PBXBuildFile; fileRef = BCA51C0124FE1B8A001E56CB /* MainViewController.m */; };
		BCA51C6924FE1B8B001E56CB /* NavigationController.m in Sources */ = {isa = PBXBuildFile; fileRef = BCA51C0224FE1B8A001E56CB /* NavigationController.m */; };
		BCA51C6A24FE1B8B001E56CB /* NavigationControllerManager.m in Sources */ = {isa = PBXBuildFile; fileRef = BCA51C0424FE1B8A001E56CB /* NavigationControllerManager.m */; };
		BCA51C6B24FE1B8B001E56CB /* DemoView.m in Sources */ = {isa = PBXBuildFile; fileRef = BCA51C0624FE1B8A001E56CB /* DemoView.m */; };
		BCA51C6C24FE1B8B001E56CB /* AIRefreshBaseResult.m in Sources */ = {isa = PBXBuildFile; fileRef = BCA51C0724FE1B8A001E56CB /* AIRefreshBaseResult.m */; };
		BCA51C6D24FE1B8B001E56CB /* DemoViewController3.m in Sources */ = {isa = PBXBuildFile; fileRef = BCA51C0824FE1B8A001E56CB /* DemoViewController3.m */; };
		BCA51C6E24FE1B8B001E56CB /* DemoView3.m in Sources */ = {isa = PBXBuildFile; fileRef = BCA51C0B24FE1B8A001E56CB /* DemoView3.m */; };
		BCA51C6F24FE1B8B001E56CB /* DemoViewController1.m in Sources */ = {isa = PBXBuildFile; fileRef = BCA51C0F24FE1B8A001E56CB /* DemoViewController1.m */; };
		BCA51C7024FE1B8B001E56CB /* DemoView2.m in Sources */ = {isa = PBXBuildFile; fileRef = BCA51C1024FE1B8A001E56CB /* DemoView2.m */; };
		BCA51C7124FE1B8B001E56CB /* DemoViewController2.m in Sources */ = {isa = PBXBuildFile; fileRef = BCA51C1224FE1B8A001E56CB /* DemoViewController2.m */; };
		BCA51C7224FE1B8B001E56CB /* AIBaseLoadingView.m in Sources */ = {isa = PBXBuildFile; fileRef = BCA51C1424FE1B8A001E56CB /* AIBaseLoadingView.m */; };
		BCA51C7324FE1B8B001E56CB /* AIDiscoverViewPresenter.m in Sources */ = {isa = PBXBuildFile; fileRef = BCA51C1524FE1B8A001E56CB /* AIDiscoverViewPresenter.m */; };
		BCA51C7424FE1B8B001E56CB /* AIBaseNetRefreshViewController.m in Sources */ = {isa = PBXBuildFile; fileRef = BCA51C1624FE1B8A001E56CB /* AIBaseNetRefreshViewController.m */; };
		BCA51C7524FE1B8B001E56CB /* AIDiscoverViewController.m in Sources */ = {isa = PBXBuildFile; fileRef = BCA51C1724FE1B8A001E56CB /* AIDiscoverViewController.m */; };
		BCA51C7624FE1B8B001E56CB /* AIBaseRefreshViewPresenter.m in Sources */ = {isa = PBXBuildFile; fileRef = BCA51C1824FE1B8A001E56CB /* AIBaseRefreshViewPresenter.m */; };
		BCA51C7724FE1B8B001E56CB /* AICollectionView.m in Sources */ = {isa = PBXBuildFile; fileRef = BCA51C1924FE1B8A001E56CB /* AICollectionView.m */; };
		BCA51C7824FE1B8B001E56CB /* AIBaseView.m in Sources */ = {isa = PBXBuildFile; fileRef = BCA51C1C24FE1B8A001E56CB /* AIBaseView.m */; };
		BCA51C7924FE1B8B001E56CB /* AIBaseLoadingView.xib in Resources */ = {isa = PBXBuildFile; fileRef = BCA51C1D24FE1B8A001E56CB /* AIBaseLoadingView.xib */; };
		BCA51C7A24FE1B8B001E56CB /* AIListFootView.m in Sources */ = {isa = PBXBuildFile; fileRef = BCA51C1F24FE1B8A001E56CB /* AIListFootView.m */; };
		BCA51C7B24FE1B8B001E56CB /* AIListFootView.xib in Resources */ = {isa = PBXBuildFile; fileRef = BCA51C2024FE1B8A001E56CB /* AIListFootView.xib */; };
		BCA51C7C24FE1B8B001E56CB /* AIBaseRefreshViewController.m in Sources */ = {isa = PBXBuildFile; fileRef = BCA51C2224FE1B8A001E56CB /* AIBaseRefreshViewController.m */; };
		BCA51C7D24FE1B8B001E56CB /* AIBaseErrorView.m in Sources */ = {isa = PBXBuildFile; fileRef = BCA51C2324FE1B8A001E56CB /* AIBaseErrorView.m */; };
		BCA51C7E24FE1B8B001E56CB /* AIBaseNotDataView.xib in Resources */ = {isa = PBXBuildFile; fileRef = BCA51C2524FE1B8A001E56CB /* AIBaseNotDataView.xib */; };
		BCA51C7F24FE1B8B001E56CB /* AIBaseNotNetView.m in Sources */ = {isa = PBXBuildFile; fileRef = BCA51C2824FE1B8A001E56CB /* AIBaseNotNetView.m */; };
		BCA51C8024FE1B8B001E56CB /* AIBaseErrorView.xib in Resources */ = {isa = PBXBuildFile; fileRef = BCA51C2A24FE1B8A001E56CB /* AIBaseErrorView.xib */; };
		BCA51C8124FE1B8B001E56CB /* AIBaseNotNetView.xib in Resources */ = {isa = PBXBuildFile; fileRef = BCA51C2C24FE1B8A001E56CB /* AIBaseNotNetView.xib */; };
		BCA51C8224FE1B8B001E56CB /* AIBaseNetRefreshViewPresenter.m in Sources */ = {isa = PBXBuildFile; fileRef = BCA51C3124FE1B8A001E56CB /* AIBaseNetRefreshViewPresenter.m */; };
		BCA51C8324FE1B8B001E56CB /* AIBaseViewPresenter.m in Sources */ = {isa = PBXBuildFile; fileRef = BCA51C3524FE1B8A001E56CB /* AIBaseViewPresenter.m */; };
		BCA51C8424FE1B8B001E56CB /* AIBaseViewController.m in Sources */ = {isa = PBXBuildFile; fileRef = BCA51C3624FE1B8A001E56CB /* AIBaseViewController.m */; };
		BCA51C8524FE1B8B001E56CB /* AIListHeadView.xib in Resources */ = {isa = PBXBuildFile; fileRef = BCA51C3824FE1B8A001E56CB /* AIListHeadView.xib */; };
		BCA51C8624FE1B8B001E56CB /* AIListHeadView.m in Sources */ = {isa = PBXBuildFile; fileRef = BCA51C3924FE1B8A001E56CB /* AIListHeadView.m */; };
		BCA51C8724FE1B8B001E56CB /* AITableView.m in Sources */ = {isa = PBXBuildFile; fileRef = BCA51C3C24FE1B8B001E56CB /* AITableView.m */; };
		BCA51C8824FE1B8B001E56CB /* AIBaseNotDataView.m in Sources */ = {isa = PBXBuildFile; fileRef = BCA51C3D24FE1B8B001E56CB /* AIBaseNotDataView.m */; };
		BCA51C8924FE1B8B001E56CB /* CustomHeadView.xib in Resources */ = {isa = PBXBuildFile; fileRef = BCA51C4024FE1B8B001E56CB /* CustomHeadView.xib */; };
		BCA51C8A24FE1B8B001E56CB /* BaseTableView.m in Sources */ = {isa = PBXBuildFile; fileRef = BCA51C4324FE1B8B001E56CB /* BaseTableView.m */; };
		BCA51C8B24FE1B8B001E56CB /* CustomFootView.m in Sources */ = {isa = PBXBuildFile; fileRef = BCA51C4424FE1B8B001E56CB /* CustomFootView.m */; };
		BCA51C8C24FE1B8B001E56CB /* CustomHeadView.m in Sources */ = {isa = PBXBuildFile; fileRef = BCA51C4624FE1B8B001E56CB /* CustomHeadView.m */; };
		BCA51C8D24FE1B8B001E56CB /* CustomFootView.xib in Resources */ = {isa = PBXBuildFile; fileRef = BCA51C4724FE1B8B001E56CB /* CustomFootView.xib */; };
		BCA51C8E24FE1B8B001E56CB /* BaseErrorView.xib in Resources */ = {isa = PBXBuildFile; fileRef = BCA51C4924FE1B8B001E56CB /* BaseErrorView.xib */; };
		BCA51C8F24FE1B8B001E56CB /* BaseView.m in Sources */ = {isa = PBXBuildFile; fileRef = BCA51C4B24FE1B8B001E56CB /* BaseView.m */; };
		BCA51C9024FE1B8B001E56CB /* BaseErrorView.m in Sources */ = {isa = PBXBuildFile; fileRef = BCA51C4C24FE1B8B001E56CB /* BaseErrorView.m */; };
		BCA51C9124FE1B8B001E56CB /* BaseNotDataView.m in Sources */ = {isa = PBXBuildFile; fileRef = BCA51C4D24FE1B8B001E56CB /* BaseNotDataView.m */; };
		BCA51C9224FE1B8B001E56CB /* BaseLoadingView.xib in Resources */ = {isa = PBXBuildFile; fileRef = BCA51C4F24FE1B8B001E56CB /* BaseLoadingView.xib */; };
		BCA51C9324FE1B8B001E56CB /* BaseLoadingView.m in Sources */ = {isa = PBXBuildFile; fileRef = BCA51C5024FE1B8B001E56CB /* BaseLoadingView.m */; };
		BCA51C9424FE1B8B001E56CB /* BaseNotDataView.xib in Resources */ = {isa = PBXBuildFile; fileRef = BCA51C5124FE1B8B001E56CB /* BaseNotDataView.xib */; };
		BCA51C9524FE1B8B001E56CB /* BaseNotNetView.xib in Resources */ = {isa = PBXBuildFile; fileRef = BCA51C5424FE1B8B001E56CB /* BaseNotNetView.xib */; };
		BCA51C9624FE1B8B001E56CB /* BaseNotNetView.m in Sources */ = {isa = PBXBuildFile; fileRef = BCA51C5524FE1B8B001E56CB /* BaseNotNetView.m */; };
		BCA51C9D24FE1BA0001E56CB /* CustomContentView1.xib in Resources */ = {isa = PBXBuildFile; fileRef = BCA51C9824FE1BA0001E56CB /* CustomContentView1.xib */; };
		BCA51C9E24FE1BA0001E56CB /* CustomContentView1.m in Sources */ = {isa = PBXBuildFile; fileRef = BCA51C9924FE1BA0001E56CB /* CustomContentView1.m */; };
		BCA51C9F24FE1BA0001E56CB /* CustomView1.m in Sources */ = {isa = PBXBuildFile; fileRef = BCA51C9A24FE1BA0001E56CB /* CustomView1.m */; };
		BCFC9E30211691FC00353BC3 /* AIHttpRequestManager.m in Sources */ = {isa = PBXBuildFile; fileRef = BCFC9E22211691FB00353BC3 /* AIHttpRequestManager.m */; };
		BCFC9E31211691FC00353BC3 /* AIBaseResult.m in Sources */ = {isa = PBXBuildFile; fileRef = BCFC9E24211691FB00353BC3 /* AIBaseResult.m */; };
		BCFC9E32211691FC00353BC3 /* AIBaseHttpRequestManager.m in Sources */ = {isa = PBXBuildFile; fileRef = BCFC9E25211691FB00353BC3 /* AIBaseHttpRequestManager.m */; };
		BCFC9E33211691FC00353BC3 /* AIResolveResult.m in Sources */ = {isa = PBXBuildFile; fileRef = BCFC9E26211691FB00353BC3 /* AIResolveResult.m */; };
		BCFC9E34211691FC00353BC3 /* AIBaseRequest.m in Sources */ = {isa = PBXBuildFile; fileRef = BCFC9E2A211691FB00353BC3 /* AIBaseRequest.m */; };
		BCFC9E35211691FC00353BC3 /* AIBaseRequestHeader.m in Sources */ = {isa = PBXBuildFile; fileRef = BCFC9E2B211691FB00353BC3 /* AIBaseRequestHeader.m */; };
		BCFC9E36211691FC00353BC3 /* AIHttpsRequestManager.m in Sources */ = {isa = PBXBuildFile; fileRef = BCFC9E2E211691FB00353BC3 /* AIHttpsRequestManager.m */; };
		BCFC9E392116923700353BC3 /* AIBaseModel.m in Sources */ = {isa = PBXBuildFile; fileRef = BCFC9E382116923700353BC3 /* AIBaseModel.m */; };
		BCFC9E3C2116926A00353BC3 /* AIJSONAdapter.m in Sources */ = {isa = PBXBuildFile; fileRef = BCFC9E3B2116926A00353BC3 /* AIJSONAdapter.m */; };
		BCFC9E3F211692A400353BC3 /* AIAES.m in Sources */ = {isa = PBXBuildFile; fileRef = BCFC9E3E211692A400353BC3 /* AIAES.m */; };
		E8F81E1071835DFB781FCDD1 /* Pods_XAbstractionLibrary_UICommon_Example.framework in Frameworks */ = {isa = PBXBuildFile; fileRef = A1151F72671B7B7CE002BB87 /* Pods_XAbstractionLibrary_UICommon_Example.framework */; settings = {ATTRIBUTES = (Required, ); }; };
/* End PBXBuildFile section */

/* Begin PBXContainerItemProxy section */
		6003F5B3195388D20070C39A /* PBXContainerItemProxy */ = {
			isa = PBXContainerItemProxy;
			containerPortal = 6003F582195388D10070C39A /* Project object */;
			proxyType = 1;
			remoteGlobalIDString = 6003F589195388D20070C39A;
			remoteInfo = "XAbstractionLibrary-UICommon";
		};
/* End PBXContainerItemProxy section */

/* Begin PBXFileReference section */
		3E4E1BACB205FF616AC04592 /* Pods-XAbstractionLibrary-UICommon_Example.release.xcconfig */ = {isa = PBXFileReference; includeInIndex = 1; lastKnownFileType = text.xcconfig; name = "Pods-XAbstractionLibrary-UICommon_Example.release.xcconfig"; path = "Pods/Target Support Files/Pods-XAbstractionLibrary-UICommon_Example/Pods-XAbstractionLibrary-UICommon_Example.release.xcconfig"; sourceTree = "<group>"; };
		5293023BE6FD6BC36C3EC386 /* Pods-XAbstractionLibrary-UICommon_Tests.release.xcconfig */ = {isa = PBXFileReference; includeInIndex = 1; lastKnownFileType = text.xcconfig; name = "Pods-XAbstractionLibrary-UICommon_Tests.release.xcconfig"; path = "Pods/Target Support Files/Pods-XAbstractionLibrary-UICommon_Tests/Pods-XAbstractionLibrary-UICommon_Tests.release.xcconfig"; sourceTree = "<group>"; };
		537AFEC73417810B1568002A /* Pods_XAbstractionLibrary_UICommon_Tests.framework */ = {isa = PBXFileReference; explicitFileType = wrapper.framework; includeInIndex = 0; path = Pods_XAbstractionLibrary_UICommon_Tests.framework; sourceTree = BUILT_PRODUCTS_DIR; };
		5F851C8CE0C166764993D9E5 /* Pods-XAbstractionLibrary-UICommon_Example.debug.xcconfig */ = {isa = PBXFileReference; includeInIndex = 1; lastKnownFileType = text.xcconfig; name = "Pods-XAbstractionLibrary-UICommon_Example.debug.xcconfig"; path = "Pods/Target Support Files/Pods-XAbstractionLibrary-UICommon_Example/Pods-XAbstractionLibrary-UICommon_Example.debug.xcconfig"; sourceTree = "<group>"; };
		6003F58A195388D20070C39A /* XAbstractionLibrary-UICommon_Example.app */ = {isa = PBXFileReference; explicitFileType = wrapper.application; includeInIndex = 0; path = "XAbstractionLibrary-UICommon_Example.app"; sourceTree = BUILT_PRODUCTS_DIR; };
		6003F58D195388D20070C39A /* Foundation.framework */ = {isa = PBXFileReference; lastKnownFileType = wrapper.framework; name = Foundation.framework; path = System/Library/Frameworks/Foundation.framework; sourceTree = SDKROOT; };
		6003F58F195388D20070C39A /* CoreGraphics.framework */ = {isa = PBXFileReference; lastKnownFileType = wrapper.framework; name = CoreGraphics.framework; path = System/Library/Frameworks/CoreGraphics.framework; sourceTree = SDKROOT; };
		6003F591195388D20070C39A /* UIKit.framework */ = {isa = PBXFileReference; lastKnownFileType = wrapper.framework; name = UIKit.framework; path = System/Library/Frameworks/UIKit.framework; sourceTree = SDKROOT; };
		6003F595195388D20070C39A /* XAbstractionLibrary-UICommon-Info.plist */ = {isa = PBXFileReference; lastKnownFileType = text.plist.xml; path = "XAbstractionLibrary-UICommon-Info.plist"; sourceTree = "<group>"; };
		6003F597195388D20070C39A /* en */ = {isa = PBXFileReference; lastKnownFileType = text.plist.strings; name = en; path = en.lproj/InfoPlist.strings; sourceTree = "<group>"; };
		6003F599195388D20070C39A /* main.m */ = {isa = PBXFileReference; lastKnownFileType = sourcecode.c.objc; path = main.m; sourceTree = "<group>"; };
		6003F59B195388D20070C39A /* XAbstractionLibrary-UICommon-Prefix.pch */ = {isa = PBXFileReference; lastKnownFileType = sourcecode.c.h; path = "XAbstractionLibrary-UICommon-Prefix.pch"; sourceTree = "<group>"; };
		6003F59C195388D20070C39A /* XAppDelegate.h */ = {isa = PBXFileReference; lastKnownFileType = sourcecode.c.h; path = XAppDelegate.h; sourceTree = "<group>"; };
		6003F59D195388D20070C39A /* XAppDelegate.m */ = {isa = PBXFileReference; lastKnownFileType = sourcecode.c.objc; path = XAppDelegate.m; sourceTree = "<group>"; };
		6003F5A8195388D20070C39A /* Images.xcassets */ = {isa = PBXFileReference; lastKnownFileType = folder.assetcatalog; path = Images.xcassets; sourceTree = "<group>"; };
		6003F5AE195388D20070C39A /* XAbstractionLibrary-UICommon_Tests.xctest */ = {isa = PBXFileReference; explicitFileType = wrapper.cfbundle; includeInIndex = 0; path = "XAbstractionLibrary-UICommon_Tests.xctest"; sourceTree = BUILT_PRODUCTS_DIR; };
		6003F5AF195388D20070C39A /* XCTest.framework */ = {isa = PBXFileReference; lastKnownFileType = wrapper.framework; name = XCTest.framework; path = Library/Frameworks/XCTest.framework; sourceTree = DEVELOPER_DIR; };
		6003F5B7195388D20070C39A /* Tests-Info.plist */ = {isa = PBXFileReference; lastKnownFileType = text.plist.xml; path = "Tests-Info.plist"; sourceTree = "<group>"; };
		6003F5B9195388D20070C39A /* en */ = {isa = PBXFileReference; lastKnownFileType = text.plist.strings; name = en; path = en.lproj/InfoPlist.strings; sourceTree = "<group>"; };
		6003F5BB195388D20070C39A /* Tests.m */ = {isa = PBXFileReference; lastKnownFileType = sourcecode.c.objc; path = Tests.m; sourceTree = "<group>"; };
		606FC2411953D9B200FFA9A0 /* Tests-Prefix.pch */ = {isa = PBXFileReference; lastKnownFileType = sourcecode.c.h; path = "Tests-Prefix.pch"; sourceTree = "<group>"; };
		71719F9E1E33DC2100824A3D /* Base */ = {isa = PBXFileReference; lastKnownFileType = file.storyboard; name = Base; path = Base.lproj/LaunchScreen.storyboard; sourceTree = "<group>"; };
		72B6FE6C1B543E8ACC09073A /* XAbstractionLibrary-UICommon.podspec */ = {isa = PBXFileReference; includeInIndex = 1; lastKnownFileType = text; name = "XAbstractionLibrary-UICommon.podspec"; path = "../XAbstractionLibrary-UICommon.podspec"; sourceTree = "<group>"; xcLanguageSpecificationIdentifier = xcode.lang.ruby; };
		7D2B377170D905D86F578A52 /* Pods-XAbstractionLibrary-UICommon_Tests.debug.xcconfig */ = {isa = PBXFileReference; includeInIndex = 1; lastKnownFileType = text.xcconfig; name = "Pods-XAbstractionLibrary-UICommon_Tests.debug.xcconfig"; path = "Pods/Target Support Files/Pods-XAbstractionLibrary-UICommon_Tests/Pods-XAbstractionLibrary-UICommon_Tests.debug.xcconfig"; sourceTree = "<group>"; };
		873B8AEA1B1F5CCA007FD442 /* Main.storyboard */ = {isa = PBXFileReference; fileEncoding = 4; lastKnownFileType = file.storyboard; name = Main.storyboard; path = Base.lproj/Main.storyboard; sourceTree = "<group>"; };
		A1151F72671B7B7CE002BB87 /* Pods_XAbstractionLibrary_UICommon_Example.framework */ = {isa = PBXFileReference; explicitFileType = wrapper.framework; includeInIndex = 0; path = Pods_XAbstractionLibrary_UICommon_Example.framework; sourceTree = BUILT_PRODUCTS_DIR; };
		BC515004254D01BA005CEC1A /* XAbstractionLibrary_Base.framework */ = {isa = PBXFileReference; explicitFileType = wrapper.framework; path = XAbstractionLibrary_Base.framework; sourceTree = BUILT_PRODUCTS_DIR; };
		BC515006254D01BA005CEC1A /* XAbstractionLibrary_NetWork.framework */ = {isa = PBXFileReference; explicitFileType = wrapper.framework; path = XAbstractionLibrary_NetWork.framework; sourceTree = BUILT_PRODUCTS_DIR; };
		BC515008254D01BA005CEC1A /* XAbstractionLibrary_Parse.framework */ = {isa = PBXFileReference; explicitFileType = wrapper.framework; path = XAbstractionLibrary_Parse.framework; sourceTree = BUILT_PRODUCTS_DIR; };
		BC51500A254D01BA005CEC1A /* XAbstractionLibrary_UICommon.framework */ = {isa = PBXFileReference; explicitFileType = wrapper.framework; path = XAbstractionLibrary_UICommon.framework; sourceTree = BUILT_PRODUCTS_DIR; };
		BCA51BE424FE1B8A001E56CB /* ViewController3.xib */ = {isa = PBXFileReference; fileEncoding = 4; lastKnownFileType = file.xib; path = ViewController3.xib; sourceTree = "<group>"; };
		BCA51BE524FE1B8A001E56CB /* ViewController2.xib */ = {isa = PBXFileReference; fileEncoding = 4; lastKnownFileType = file.xib; path = ViewController2.xib; sourceTree = "<group>"; };
		BCA51BE624FE1B8A001E56CB /* ViewController1.xib */ = {isa = PBXFileReference; fileEncoding = 4; lastKnownFileType = file.xib; path = ViewController1.xib; sourceTree = "<group>"; };
		BCA51BE724FE1B8A001E56CB /* TabBarItem.h */ = {isa = PBXFileReference; fileEncoding = 4; lastKnownFileType = sourcecode.c.h; path = TabBarItem.h; sourceTree = "<group>"; };
		BCA51BE824FE1B8A001E56CB /* ViewController5.xib */ = {isa = PBXFileReference; fileEncoding = 4; lastKnownFileType = file.xib; path = ViewController5.xib; sourceTree = "<group>"; };
		BCA51BE924FE1B8A001E56CB /* ViewController6.m */ = {isa = PBXFileReference; fileEncoding = 4; lastKnownFileType = sourcecode.c.objc; path = ViewController6.m; sourceTree = "<group>"; };
		BCA51BEA24FE1B8A001E56CB /* ViewController4.xib */ = {isa = PBXFileReference; fileEncoding = 4; lastKnownFileType = file.xib; path = ViewController4.xib; sourceTree = "<group>"; };
		BCA51BEB24FE1B8A001E56CB /* TabBar.m */ = {isa = PBXFileReference; fileEncoding = 4; lastKnownFileType = sourcecode.c.objc; path = TabBar.m; sourceTree = "<group>"; };
		BCA51BEC24FE1B8A001E56CB /* ViewController2.m */ = {isa = PBXFileReference; fileEncoding = 4; lastKnownFileType = sourcecode.c.objc; path = ViewController2.m; sourceTree = "<group>"; };
		BCA51BED24FE1B8A001E56CB /* ViewController6.xib */ = {isa = PBXFileReference; fileEncoding = 4; lastKnownFileType = file.xib; path = ViewController6.xib; sourceTree = "<group>"; };
		BCA51BEE24FE1B8A001E56CB /* ViewController4.h */ = {isa = PBXFileReference; fileEncoding = 4; lastKnownFileType = sourcecode.c.h; path = ViewController4.h; sourceTree = "<group>"; };
		BCA51BEF24FE1B8A001E56CB /* ViewController5.m */ = {isa = PBXFileReference; fileEncoding = 4; lastKnownFileType = sourcecode.c.objc; path = ViewController5.m; sourceTree = "<group>"; };
		BCA51BF024FE1B8A001E56CB /* TabBarViewController.h */ = {isa = PBXFileReference; fileEncoding = 4; lastKnownFileType = sourcecode.c.h; path = TabBarViewController.h; sourceTree = "<group>"; };
		BCA51BF124FE1B8A001E56CB /* TabBarItem.xib */ = {isa = PBXFileReference; fileEncoding = 4; lastKnownFileType = file.xib; path = TabBarItem.xib; sourceTree = "<group>"; };
		BCA51BF224FE1B8A001E56CB /* ViewController3.h */ = {isa = PBXFileReference; fileEncoding = 4; lastKnownFileType = sourcecode.c.h; path = ViewController3.h; sourceTree = "<group>"; };
		BCA51BF324FE1B8A001E56CB /* ViewController1.m */ = {isa = PBXFileReference; fileEncoding = 4; lastKnownFileType = sourcecode.c.objc; path = ViewController1.m; sourceTree = "<group>"; };
		BCA51BF424FE1B8A001E56CB /* ViewController4.m */ = {isa = PBXFileReference; fileEncoding = 4; lastKnownFileType = sourcecode.c.objc; path = ViewController4.m; sourceTree = "<group>"; };
		BCA51BF524FE1B8A001E56CB /* ViewController2.h */ = {isa = PBXFileReference; fileEncoding = 4; lastKnownFileType = sourcecode.c.h; path = ViewController2.h; sourceTree = "<group>"; };
		BCA51BF624FE1B8A001E56CB /* TabBar.xib */ = {isa = PBXFileReference; fileEncoding = 4; lastKnownFileType = file.xib; path = TabBar.xib; sourceTree = "<group>"; };
		BCA51BF724FE1B8A001E56CB /* ViewController6.h */ = {isa = PBXFileReference; fileEncoding = 4; lastKnownFileType = sourcecode.c.h; path = ViewController6.h; sourceTree = "<group>"; };
		BCA51BF824FE1B8A001E56CB /* TabBar.h */ = {isa = PBXFileReference; fileEncoding = 4; lastKnownFileType = sourcecode.c.h; path = TabBar.h; sourceTree = "<group>"; };
		BCA51BF924FE1B8A001E56CB /* TabBarItem.m */ = {isa = PBXFileReference; fileEncoding = 4; lastKnownFileType = sourcecode.c.objc; path = TabBarItem.m; sourceTree = "<group>"; };
		BCA51BFA24FE1B8A001E56CB /* ViewController1.h */ = {isa = PBXFileReference; fileEncoding = 4; lastKnownFileType = sourcecode.c.h; path = ViewController1.h; sourceTree = "<group>"; };
		BCA51BFB24FE1B8A001E56CB /* ViewController3.m */ = {isa = PBXFileReference; fileEncoding = 4; lastKnownFileType = sourcecode.c.objc; path = ViewController3.m; sourceTree = "<group>"; };
		BCA51BFC24FE1B8A001E56CB /* TabBarViewController.m */ = {isa = PBXFileReference; fileEncoding = 4; lastKnownFileType = sourcecode.c.objc; path = TabBarViewController.m; sourceTree = "<group>"; };
		BCA51BFD24FE1B8A001E56CB /* ViewController5.h */ = {isa = PBXFileReference; fileEncoding = 4; lastKnownFileType = sourcecode.c.h; path = ViewController5.h; sourceTree = "<group>"; };
		BCA51BFF24FE1B8A001E56CB /* NavigationController.h */ = {isa = PBXFileReference; fileEncoding = 4; lastKnownFileType = sourcecode.c.h; path = NavigationController.h; sourceTree = "<group>"; };
		BCA51C0024FE1B8A001E56CB /* NavigationControllerManager.h */ = {isa = PBXFileReference; fileEncoding = 4; lastKnownFileType = sourcecode.c.h; path = NavigationControllerManager.h; sourceTree = "<group>"; };
		BCA51C0124FE1B8A001E56CB /* MainViewController.m */ = {isa = PBXFileReference; fileEncoding = 4; lastKnownFileType = sourcecode.c.objc; path = MainViewController.m; sourceTree = "<group>"; };
		BCA51C0224FE1B8A001E56CB /* NavigationController.m */ = {isa = PBXFileReference; fileEncoding = 4; lastKnownFileType = sourcecode.c.objc; path = NavigationController.m; sourceTree = "<group>"; };
		BCA51C0324FE1B8A001E56CB /* MainViewController.h */ = {isa = PBXFileReference; fileEncoding = 4; lastKnownFileType = sourcecode.c.h; path = MainViewController.h; sourceTree = "<group>"; };
		BCA51C0424FE1B8A001E56CB /* NavigationControllerManager.m */ = {isa = PBXFileReference; fileEncoding = 4; lastKnownFileType = sourcecode.c.objc; path = NavigationControllerManager.m; sourceTree = "<group>"; };
		BCA51C0624FE1B8A001E56CB /* DemoView.m */ = {isa = PBXFileReference; fileEncoding = 4; lastKnownFileType = sourcecode.c.objc; path = DemoView.m; sourceTree = "<group>"; };
		BCA51C0724FE1B8A001E56CB /* AIRefreshBaseResult.m */ = {isa = PBXFileReference; fileEncoding = 4; lastKnownFileType = sourcecode.c.objc; path = AIRefreshBaseResult.m; sourceTree = "<group>"; };
		BCA51C0824FE1B8A001E56CB /* DemoViewController3.m */ = {isa = PBXFileReference; fileEncoding = 4; lastKnownFileType = sourcecode.c.objc; path = DemoViewController3.m; sourceTree = "<group>"; };
		BCA51C0924FE1B8A001E56CB /* DemoView2.h */ = {isa = PBXFileReference; fileEncoding = 4; lastKnownFileType = sourcecode.c.h; path = DemoView2.h; sourceTree = "<group>"; };
		BCA51C0A24FE1B8A001E56CB /* DemoViewController1.h */ = {isa = PBXFileReference; fileEncoding = 4; lastKnownFileType = sourcecode.c.h; path = DemoViewController1.h; sourceTree = "<group>"; };
		BCA51C0B24FE1B8A001E56CB /* DemoView3.m */ = {isa = PBXFileReference; fileEncoding = 4; lastKnownFileType = sourcecode.c.objc; path = DemoView3.m; sourceTree = "<group>"; };
		BCA51C0C24FE1B8A001E56CB /* DemoViewController2.h */ = {isa = PBXFileReference; fileEncoding = 4; lastKnownFileType = sourcecode.c.h; path = DemoViewController2.h; sourceTree = "<group>"; };
		BCA51C0D24FE1B8A001E56CB /* AIRefreshBaseResult.h */ = {isa = PBXFileReference; fileEncoding = 4; lastKnownFileType = sourcecode.c.h; path = AIRefreshBaseResult.h; sourceTree = "<group>"; };
		BCA51C0E24FE1B8A001E56CB /* DemoView.h */ = {isa = PBXFileReference; fileEncoding = 4; lastKnownFileType = sourcecode.c.h; path = DemoView.h; sourceTree = "<group>"; };
		BCA51C0F24FE1B8A001E56CB /* DemoViewController1.m */ = {isa = PBXFileReference; fileEncoding = 4; lastKnownFileType = sourcecode.c.objc; path = DemoViewController1.m; sourceTree = "<group>"; };
		BCA51C1024FE1B8A001E56CB /* DemoView2.m */ = {isa = PBXFileReference; fileEncoding = 4; lastKnownFileType = sourcecode.c.objc; path = DemoView2.m; sourceTree = "<group>"; };
		BCA51C1124FE1B8A001E56CB /* DemoViewController3.h */ = {isa = PBXFileReference; fileEncoding = 4; lastKnownFileType = sourcecode.c.h; path = DemoViewController3.h; sourceTree = "<group>"; };
		BCA51C1224FE1B8A001E56CB /* DemoViewController2.m */ = {isa = PBXFileReference; fileEncoding = 4; lastKnownFileType = sourcecode.c.objc; path = DemoViewController2.m; sourceTree = "<group>"; };
		BCA51C1424FE1B8A001E56CB /* AIBaseLoadingView.m */ = {isa = PBXFileReference; fileEncoding = 4; lastKnownFileType = sourcecode.c.objc; path = AIBaseLoadingView.m; sourceTree = "<group>"; };
		BCA51C1524FE1B8A001E56CB /* AIDiscoverViewPresenter.m */ = {isa = PBXFileReference; fileEncoding = 4; lastKnownFileType = sourcecode.c.objc; path = AIDiscoverViewPresenter.m; sourceTree = "<group>"; };
		BCA51C1624FE1B8A001E56CB /* AIBaseNetRefreshViewController.m */ = {isa = PBXFileReference; fileEncoding = 4; lastKnownFileType = sourcecode.c.objc; path = AIBaseNetRefreshViewController.m; sourceTree = "<group>"; };
		BCA51C1724FE1B8A001E56CB /* AIDiscoverViewController.m */ = {isa = PBXFileReference; fileEncoding = 4; lastKnownFileType = sourcecode.c.objc; path = AIDiscoverViewController.m; sourceTree = "<group>"; };
		BCA51C1824FE1B8A001E56CB /* AIBaseRefreshViewPresenter.m */ = {isa = PBXFileReference; fileEncoding = 4; lastKnownFileType = sourcecode.c.objc; path = AIBaseRefreshViewPresenter.m; sourceTree = "<group>"; };
		BCA51C1924FE1B8A001E56CB /* AICollectionView.m */ = {isa = PBXFileReference; fileEncoding = 4; lastKnownFileType = sourcecode.c.objc; path = AICollectionView.m; sourceTree = "<group>"; };
		BCA51C1A24FE1B8A001E56CB /* AIBaseViewController.h */ = {isa = PBXFileReference; fileEncoding = 4; lastKnownFileType = sourcecode.c.h; path = AIBaseViewController.h; sourceTree = "<group>"; };
		BCA51C1B24FE1B8A001E56CB /* AIBaseViewPresenter.h */ = {isa = PBXFileReference; fileEncoding = 4; lastKnownFileType = sourcecode.c.h; path = AIBaseViewPresenter.h; sourceTree = "<group>"; };
		BCA51C1C24FE1B8A001E56CB /* AIBaseView.m */ = {isa = PBXFileReference; fileEncoding = 4; lastKnownFileType = sourcecode.c.objc; path = AIBaseView.m; sourceTree = "<group>"; };
		BCA51C1D24FE1B8A001E56CB /* AIBaseLoadingView.xib */ = {isa = PBXFileReference; fileEncoding = 4; lastKnownFileType = file.xib; path = AIBaseLoadingView.xib; sourceTree = "<group>"; };
		BCA51C1F24FE1B8A001E56CB /* AIListFootView.m */ = {isa = PBXFileReference; fileEncoding = 4; lastKnownFileType = sourcecode.c.objc; path = AIListFootView.m; sourceTree = "<group>"; };
		BCA51C2024FE1B8A001E56CB /* AIListFootView.xib */ = {isa = PBXFileReference; fileEncoding = 4; lastKnownFileType = file.xib; path = AIListFootView.xib; sourceTree = "<group>"; };
		BCA51C2124FE1B8A001E56CB /* AIListFootView.h */ = {isa = PBXFileReference; fileEncoding = 4; lastKnownFileType = sourcecode.c.h; path = AIListFootView.h; sourceTree = "<group>"; };
		BCA51C2224FE1B8A001E56CB /* AIBaseRefreshViewController.m */ = {isa = PBXFileReference; fileEncoding = 4; lastKnownFileType = sourcecode.c.objc; path = AIBaseRefreshViewController.m; sourceTree = "<group>"; };
		BCA51C2324FE1B8A001E56CB /* AIBaseErrorView.m */ = {isa = PBXFileReference; fileEncoding = 4; lastKnownFileType = sourcecode.c.objc; path = AIBaseErrorView.m; sourceTree = "<group>"; };
		BCA51C2424FE1B8A001E56CB /* AIBaseNetRefreshViewPresenter.h */ = {isa = PBXFileReference; fileEncoding = 4; lastKnownFileType = sourcecode.c.h; path = AIBaseNetRefreshViewPresenter.h; sourceTree = "<group>"; };
		BCA51C2524FE1B8A001E56CB /* AIBaseNotDataView.xib */ = {isa = PBXFileReference; fileEncoding = 4; lastKnownFileType = file.xib; path = AIBaseNotDataView.xib; sourceTree = "<group>"; };
		BCA51C2624FE1B8A001E56CB /* AIBaseNotDataView.h */ = {isa = PBXFileReference; fileEncoding = 4; lastKnownFileType = sourcecode.c.h; path = AIBaseNotDataView.h; sourceTree = "<group>"; };
		BCA51C2724FE1B8A001E56CB /* AITableView.h */ = {isa = PBXFileReference; fileEncoding = 4; lastKnownFileType = sourcecode.c.h; path = AITableView.h; sourceTree = "<group>"; };
		BCA51C2824FE1B8A001E56CB /* AIBaseNotNetView.m */ = {isa = PBXFileReference; fileEncoding = 4; lastKnownFileType = sourcecode.c.objc; path = AIBaseNotNetView.m; sourceTree = "<group>"; };
		BCA51C2924FE1B8A001E56CB /* AIDiscoverViewPresenter.h */ = {isa = PBXFileReference; fileEncoding = 4; lastKnownFileType = sourcecode.c.h; path = AIDiscoverViewPresenter.h; sourceTree = "<group>"; };
		BCA51C2A24FE1B8A001E56CB /* AIBaseErrorView.xib */ = {isa = PBXFileReference; fileEncoding = 4; lastKnownFileType = file.xib; path = AIBaseErrorView.xib; sourceTree = "<group>"; };
		BCA51C2B24FE1B8A001E56CB /* AIBaseLoadingView.h */ = {isa = PBXFileReference; fileEncoding = 4; lastKnownFileType = sourcecode.c.h; path = AIBaseLoadingView.h; sourceTree = "<group>"; };
		BCA51C2C24FE1B8A001E56CB /* AIBaseNotNetView.xib */ = {isa = PBXFileReference; fileEncoding = 4; lastKnownFileType = file.xib; path = AIBaseNotNetView.xib; sourceTree = "<group>"; };
		BCA51C2D24FE1B8A001E56CB /* AIBaseRefreshViewPresenter.h */ = {isa = PBXFileReference; fileEncoding = 4; lastKnownFileType = sourcecode.c.h; path = AIBaseRefreshViewPresenter.h; sourceTree = "<group>"; };
		BCA51C2E24FE1B8A001E56CB /* AICollectionView.h */ = {isa = PBXFileReference; fileEncoding = 4; lastKnownFileType = sourcecode.c.h; path = AICollectionView.h; sourceTree = "<group>"; };
		BCA51C2F24FE1B8A001E56CB /* AIBaseNetRefreshViewController.h */ = {isa = PBXFileReference; fileEncoding = 4; lastKnownFileType = sourcecode.c.h; path = AIBaseNetRefreshViewController.h; sourceTree = "<group>"; };
		BCA51C3024FE1B8A001E56CB /* AIDiscoverViewController.h */ = {isa = PBXFileReference; fileEncoding = 4; lastKnownFileType = sourcecode.c.h; path = AIDiscoverViewController.h; sourceTree = "<group>"; };
		BCA51C3124FE1B8A001E56CB /* AIBaseNetRefreshViewPresenter.m */ = {isa = PBXFileReference; fileEncoding = 4; lastKnownFileType = sourcecode.c.objc; path = AIBaseNetRefreshViewPresenter.m; sourceTree = "<group>"; };
		BCA51C3224FE1B8A001E56CB /* AIBaseErrorView.h */ = {isa = PBXFileReference; fileEncoding = 4; lastKnownFileType = sourcecode.c.h; path = AIBaseErrorView.h; sourceTree = "<group>"; };
		BCA51C3324FE1B8A001E56CB /* AIBaseRefreshViewController.h */ = {isa = PBXFileReference; fileEncoding = 4; lastKnownFileType = sourcecode.c.h; path = AIBaseRefreshViewController.h; sourceTree = "<group>"; };
		BCA51C3424FE1B8A001E56CB /* AIBaseView.h */ = {isa = PBXFileReference; fileEncoding = 4; lastKnownFileType = sourcecode.c.h; path = AIBaseView.h; sourceTree = "<group>"; };
		BCA51C3524FE1B8A001E56CB /* AIBaseViewPresenter.m */ = {isa = PBXFileReference; fileEncoding = 4; lastKnownFileType = sourcecode.c.objc; path = AIBaseViewPresenter.m; sourceTree = "<group>"; };
		BCA51C3624FE1B8A001E56CB /* AIBaseViewController.m */ = {isa = PBXFileReference; fileEncoding = 4; lastKnownFileType = sourcecode.c.objc; path = AIBaseViewController.m; sourceTree = "<group>"; };
		BCA51C3824FE1B8A001E56CB /* AIListHeadView.xib */ = {isa = PBXFileReference; fileEncoding = 4; lastKnownFileType = file.xib; path = AIListHeadView.xib; sourceTree = "<group>"; };
		BCA51C3924FE1B8A001E56CB /* AIListHeadView.m */ = {isa = PBXFileReference; fileEncoding = 4; lastKnownFileType = sourcecode.c.objc; path = AIListHeadView.m; sourceTree = "<group>"; };
		BCA51C3A24FE1B8A001E56CB /* AIListHeadView.h */ = {isa = PBXFileReference; fileEncoding = 4; lastKnownFileType = sourcecode.c.h; path = AIListHeadView.h; sourceTree = "<group>"; };
		BCA51C3B24FE1B8A001E56CB /* AIBaseNotNetView.h */ = {isa = PBXFileReference; fileEncoding = 4; lastKnownFileType = sourcecode.c.h; path = AIBaseNotNetView.h; sourceTree = "<group>"; };
		BCA51C3C24FE1B8B001E56CB /* AITableView.m */ = {isa = PBXFileReference; fileEncoding = 4; lastKnownFileType = sourcecode.c.objc; path = AITableView.m; sourceTree = "<group>"; };
		BCA51C3D24FE1B8B001E56CB /* AIBaseNotDataView.m */ = {isa = PBXFileReference; fileEncoding = 4; lastKnownFileType = sourcecode.c.objc; path = AIBaseNotDataView.m; sourceTree = "<group>"; };
		BCA51C3E24FE1B8B001E56CB /* DemoView3.h */ = {isa = PBXFileReference; fileEncoding = 4; lastKnownFileType = sourcecode.c.h; path = DemoView3.h; sourceTree = "<group>"; };
		BCA51C4024FE1B8B001E56CB /* CustomHeadView.xib */ = {isa = PBXFileReference; fileEncoding = 4; lastKnownFileType = file.xib; path = CustomHeadView.xib; sourceTree = "<group>"; };
		BCA51C4124FE1B8B001E56CB /* CustomFootView.h */ = {isa = PBXFileReference; fileEncoding = 4; lastKnownFileType = sourcecode.c.h; path = CustomFootView.h; sourceTree = "<group>"; };
		BCA51C4224FE1B8B001E56CB /* CustomHeadView.h */ = {isa = PBXFileReference; fileEncoding = 4; lastKnownFileType = sourcecode.c.h; path = CustomHeadView.h; sourceTree = "<group>"; };
		BCA51C4324FE1B8B001E56CB /* BaseTableView.m */ = {isa = PBXFileReference; fileEncoding = 4; lastKnownFileType = sourcecode.c.objc; path = BaseTableView.m; sourceTree = "<group>"; };
		BCA51C4424FE1B8B001E56CB /* CustomFootView.m */ = {isa = PBXFileReference; fileEncoding = 4; lastKnownFileType = sourcecode.c.objc; path = CustomFootView.m; sourceTree = "<group>"; };
		BCA51C4524FE1B8B001E56CB /* BaseTableView.h */ = {isa = PBXFileReference; fileEncoding = 4; lastKnownFileType = sourcecode.c.h; path = BaseTableView.h; sourceTree = "<group>"; };
		BCA51C4624FE1B8B001E56CB /* CustomHeadView.m */ = {isa = PBXFileReference; fileEncoding = 4; lastKnownFileType = sourcecode.c.objc; path = CustomHeadView.m; sourceTree = "<group>"; };
		BCA51C4724FE1B8B001E56CB /* CustomFootView.xib */ = {isa = PBXFileReference; fileEncoding = 4; lastKnownFileType = file.xib; path = CustomFootView.xib; sourceTree = "<group>"; };
		BCA51C4924FE1B8B001E56CB /* BaseErrorView.xib */ = {isa = PBXFileReference; fileEncoding = 4; lastKnownFileType = file.xib; path = BaseErrorView.xib; sourceTree = "<group>"; };
		BCA51C4A24FE1B8B001E56CB /* BaseLoadingView.h */ = {isa = PBXFileReference; fileEncoding = 4; lastKnownFileType = sourcecode.c.h; path = BaseLoadingView.h; sourceTree = "<group>"; };
		BCA51C4B24FE1B8B001E56CB /* BaseView.m */ = {isa = PBXFileReference; fileEncoding = 4; lastKnownFileType = sourcecode.c.objc; path = BaseView.m; sourceTree = "<group>"; };
		BCA51C4C24FE1B8B001E56CB /* BaseErrorView.m */ = {isa = PBXFileReference; fileEncoding = 4; lastKnownFileType = sourcecode.c.objc; path = BaseErrorView.m; sourceTree = "<group>"; };
		BCA51C4D24FE1B8B001E56CB /* BaseNotDataView.m */ = {isa = PBXFileReference; fileEncoding = 4; lastKnownFileType = sourcecode.c.objc; path = BaseNotDataView.m; sourceTree = "<group>"; };
		BCA51C4E24FE1B8B001E56CB /* BaseNotNetView.h */ = {isa = PBXFileReference; fileEncoding = 4; lastKnownFileType = sourcecode.c.h; path = BaseNotNetView.h; sourceTree = "<group>"; };
		BCA51C4F24FE1B8B001E56CB /* BaseLoadingView.xib */ = {isa = PBXFileReference; fileEncoding = 4; lastKnownFileType = file.xib; path = BaseLoadingView.xib; sourceTree = "<group>"; };
		BCA51C5024FE1B8B001E56CB /* BaseLoadingView.m */ = {isa = PBXFileReference; fileEncoding = 4; lastKnownFileType = sourcecode.c.objc; path = BaseLoadingView.m; sourceTree = "<group>"; };
		BCA51C5124FE1B8B001E56CB /* BaseNotDataView.xib */ = {isa = PBXFileReference; fileEncoding = 4; lastKnownFileType = file.xib; path = BaseNotDataView.xib; sourceTree = "<group>"; };
		BCA51C5224FE1B8B001E56CB /* BaseErrorView.h */ = {isa = PBXFileReference; fileEncoding = 4; lastKnownFileType = sourcecode.c.h; path = BaseErrorView.h; sourceTree = "<group>"; };
		BCA51C5324FE1B8B001E56CB /* BaseView.h */ = {isa = PBXFileReference; fileEncoding = 4; lastKnownFileType = sourcecode.c.h; path = BaseView.h; sourceTree = "<group>"; };
		BCA51C5424FE1B8B001E56CB /* BaseNotNetView.xib */ = {isa = PBXFileReference; fileEncoding = 4; lastKnownFileType = file.xib; path = BaseNotNetView.xib; sourceTree = "<group>"; };
		BCA51C5524FE1B8B001E56CB /* BaseNotNetView.m */ = {isa = PBXFileReference; fileEncoding = 4; lastKnownFileType = sourcecode.c.objc; path = BaseNotNetView.m; sourceTree = "<group>"; };
		BCA51C5624FE1B8B001E56CB /* BaseNotDataView.h */ = {isa = PBXFileReference; fileEncoding = 4; lastKnownFileType = sourcecode.c.h; path = BaseNotDataView.h; sourceTree = "<group>"; };
		BCA51C9824FE1BA0001E56CB /* CustomContentView1.xib */ = {isa = PBXFileReference; fileEncoding = 4; lastKnownFileType = file.xib; path = CustomContentView1.xib; sourceTree = "<group>"; };
		BCA51C9924FE1BA0001E56CB /* CustomContentView1.m */ = {isa = PBXFileReference; fileEncoding = 4; lastKnownFileType = sourcecode.c.objc; path = CustomContentView1.m; sourceTree = "<group>"; };
		BCA51C9A24FE1BA0001E56CB /* CustomView1.m */ = {isa = PBXFileReference; fileEncoding = 4; lastKnownFileType = sourcecode.c.objc; path = CustomView1.m; sourceTree = "<group>"; };
		BCA51C9B24FE1BA0001E56CB /* CustomContentView1.h */ = {isa = PBXFileReference; fileEncoding = 4; lastKnownFileType = sourcecode.c.h; path = CustomContentView1.h; sourceTree = "<group>"; };
		BCA51C9C24FE1BA0001E56CB /* CustomView1.h */ = {isa = PBXFileReference; fileEncoding = 4; lastKnownFileType = sourcecode.c.h; path = CustomView1.h; sourceTree = "<group>"; };
		BCFC9E1F211691FB00353BC3 /* AIResolveResult.h */ = {isa = PBXFileReference; fileEncoding = 4; lastKnownFileType = sourcecode.c.h; path = AIResolveResult.h; sourceTree = "<group>"; };
		BCFC9E20211691FB00353BC3 /* AIErrorCode.h */ = {isa = PBXFileReference; fileEncoding = 4; lastKnownFileType = sourcecode.c.h; path = AIErrorCode.h; sourceTree = "<group>"; };
		BCFC9E21211691FB00353BC3 /* AINetInterFace.h */ = {isa = PBXFileReference; fileEncoding = 4; lastKnownFileType = sourcecode.c.h; path = AINetInterFace.h; sourceTree = "<group>"; };
		BCFC9E22211691FB00353BC3 /* AIHttpRequestManager.m */ = {isa = PBXFileReference; fileEncoding = 4; lastKnownFileType = sourcecode.c.objc; path = AIHttpRequestManager.m; sourceTree = "<group>"; };
		BCFC9E23211691FB00353BC3 /* AIHttpsRequestManager.h */ = {isa = PBXFileReference; fileEncoding = 4; lastKnownFileType = sourcecode.c.h; path = AIHttpsRequestManager.h; sourceTree = "<group>"; };
		BCFC9E24211691FB00353BC3 /* AIBaseResult.m */ = {isa = PBXFileReference; fileEncoding = 4; lastKnownFileType = sourcecode.c.objc; path = AIBaseResult.m; sourceTree = "<group>"; };
		BCFC9E25211691FB00353BC3 /* AIBaseHttpRequestManager.m */ = {isa = PBXFileReference; fileEncoding = 4; lastKnownFileType = sourcecode.c.objc; path = AIBaseHttpRequestManager.m; sourceTree = "<group>"; };
		BCFC9E26211691FB00353BC3 /* AIResolveResult.m */ = {isa = PBXFileReference; fileEncoding = 4; lastKnownFileType = sourcecode.c.objc; path = AIResolveResult.m; sourceTree = "<group>"; };
		BCFC9E28211691FB00353BC3 /* AIBaseRequestHeader.h */ = {isa = PBXFileReference; fileEncoding = 4; lastKnownFileType = sourcecode.c.h; path = AIBaseRequestHeader.h; sourceTree = "<group>"; };
		BCFC9E29211691FB00353BC3 /* AIBaseRequest.h */ = {isa = PBXFileReference; fileEncoding = 4; lastKnownFileType = sourcecode.c.h; path = AIBaseRequest.h; sourceTree = "<group>"; };
		BCFC9E2A211691FB00353BC3 /* AIBaseRequest.m */ = {isa = PBXFileReference; fileEncoding = 4; lastKnownFileType = sourcecode.c.objc; path = AIBaseRequest.m; sourceTree = "<group>"; };
		BCFC9E2B211691FB00353BC3 /* AIBaseRequestHeader.m */ = {isa = PBXFileReference; fileEncoding = 4; lastKnownFileType = sourcecode.c.objc; path = AIBaseRequestHeader.m; sourceTree = "<group>"; };
		BCFC9E2C211691FB00353BC3 /* AIBaseResult.h */ = {isa = PBXFileReference; fileEncoding = 4; lastKnownFileType = sourcecode.c.h; path = AIBaseResult.h; sourceTree = "<group>"; };
		BCFC9E2D211691FB00353BC3 /* AIBaseHttpRequestManager.h */ = {isa = PBXFileReference; fileEncoding = 4; lastKnownFileType = sourcecode.c.h; path = AIBaseHttpRequestManager.h; sourceTree = "<group>"; };
		BCFC9E2E211691FB00353BC3 /* AIHttpsRequestManager.m */ = {isa = PBXFileReference; fileEncoding = 4; lastKnownFileType = sourcecode.c.objc; path = AIHttpsRequestManager.m; sourceTree = "<group>"; };
		BCFC9E2F211691FB00353BC3 /* AIHttpRequestManager.h */ = {isa = PBXFileReference; fileEncoding = 4; lastKnownFileType = sourcecode.c.h; path = AIHttpRequestManager.h; sourceTree = "<group>"; };
		BCFC9E372116923700353BC3 /* AIBaseModel.h */ = {isa = PBXFileReference; lastKnownFileType = sourcecode.c.h; path = AIBaseModel.h; sourceTree = "<group>"; };
		BCFC9E382116923700353BC3 /* AIBaseModel.m */ = {isa = PBXFileReference; lastKnownFileType = sourcecode.c.objc; path = AIBaseModel.m; sourceTree = "<group>"; };
		BCFC9E3A2116926A00353BC3 /* AIJSONAdapter.h */ = {isa = PBXFileReference; lastKnownFileType = sourcecode.c.h; path = AIJSONAdapter.h; sourceTree = "<group>"; };
		BCFC9E3B2116926A00353BC3 /* AIJSONAdapter.m */ = {isa = PBXFileReference; lastKnownFileType = sourcecode.c.objc; path = AIJSONAdapter.m; sourceTree = "<group>"; };
		BCFC9E3D211692A400353BC3 /* AIAES.h */ = {isa = PBXFileReference; lastKnownFileType = sourcecode.c.h; path = AIAES.h; sourceTree = "<group>"; };
		BCFC9E3E211692A400353BC3 /* AIAES.m */ = {isa = PBXFileReference; lastKnownFileType = sourcecode.c.objc; path = AIAES.m; sourceTree = "<group>"; };
		C38ED315DEF851FE7CF1139A /* Pods-XAbstractionLibrary-UICommon_Tests.prerelease.xcconfig */ = {isa = PBXFileReference; includeInIndex = 1; lastKnownFileType = text.xcconfig; name = "Pods-XAbstractionLibrary-UICommon_Tests.prerelease.xcconfig"; path = "Pods/Target Support Files/Pods-XAbstractionLibrary-UICommon_Tests/Pods-XAbstractionLibrary-UICommon_Tests.prerelease.xcconfig"; sourceTree = "<group>"; };
		CA3E15AC1059AE4B3253EF4A /* README.md */ = {isa = PBXFileReference; includeInIndex = 1; lastKnownFileType = net.daringfireball.markdown; name = README.md; path = ../README.md; sourceTree = "<group>"; };
		EF0CECCD0AB93A059D80FECF /* Pods-XAbstractionLibrary-UICommon_Example.prerelease.xcconfig */ = {isa = PBXFileReference; includeInIndex = 1; lastKnownFileType = text.xcconfig; name = "Pods-XAbstractionLibrary-UICommon_Example.prerelease.xcconfig"; path = "Pods/Target Support Files/Pods-XAbstractionLibrary-UICommon_Example/Pods-XAbstractionLibrary-UICommon_Example.prerelease.xcconfig"; sourceTree = "<group>"; };
		EFD2D8742C3000ADC8358BAB /* LICENSE */ = {isa = PBXFileReference; includeInIndex = 1; lastKnownFileType = text; name = LICENSE; path = ../LICENSE; sourceTree = "<group>"; };
/* End PBXFileReference section */

/* Begin PBXFrameworksBuildPhase section */
		6003F587195388D20070C39A /* Frameworks */ = {
			isa = PBXFrameworksBuildPhase;
			buildActionMask = 2147483647;
			files = (
				6003F590195388D20070C39A /* CoreGraphics.framework in Frameworks */,
				6003F592195388D20070C39A /* UIKit.framework in Frameworks */,
				6003F58E195388D20070C39A /* Foundation.framework in Frameworks */,
				E8F81E1071835DFB781FCDD1 /* Pods_XAbstractionLibrary_UICommon_Example.framework in Frameworks */,
			);
			runOnlyForDeploymentPostprocessing = 0;
		};
		6003F5AB195388D20070C39A /* Frameworks */ = {
			isa = PBXFrameworksBuildPhase;
			buildActionMask = 2147483647;
			files = (
				6003F5B0195388D20070C39A /* XCTest.framework in Frameworks */,
				6003F5B2195388D20070C39A /* UIKit.framework in Frameworks */,
				6003F5B1195388D20070C39A /* Foundation.framework in Frameworks */,
				2ECFDCF87D12F269646DE0DD /* Pods_XAbstractionLibrary_UICommon_Tests.framework in Frameworks */,
			);
			runOnlyForDeploymentPostprocessing = 0;
		};
/* End PBXFrameworksBuildPhase section */

/* Begin PBXGroup section */
		6003F581195388D10070C39A = {
			isa = PBXGroup;
			children = (
				60FF7A9C1954A5C5007DD14C /* Podspec Metadata */,
				6003F593195388D20070C39A /* Example for XAbstractionLibrary-UICommon */,
				6003F5B5195388D20070C39A /* Tests */,
				6003F58C195388D20070C39A /* Frameworks */,
				6003F58B195388D20070C39A /* Products */,
				600894EEFFFD5075EA2583F4 /* Pods */,
			);
			sourceTree = "<group>";
		};
		6003F58B195388D20070C39A /* Products */ = {
			isa = PBXGroup;
			children = (
				6003F58A195388D20070C39A /* XAbstractionLibrary-UICommon_Example.app */,
				6003F5AE195388D20070C39A /* XAbstractionLibrary-UICommon_Tests.xctest */,
			);
			name = Products;
			sourceTree = "<group>";
		};
		6003F58C195388D20070C39A /* Frameworks */ = {
			isa = PBXGroup;
			children = (
				BC515004254D01BA005CEC1A /* XAbstractionLibrary_Base.framework */,
				BC515006254D01BA005CEC1A /* XAbstractionLibrary_NetWork.framework */,
				BC515008254D01BA005CEC1A /* XAbstractionLibrary_Parse.framework */,
				BC51500A254D01BA005CEC1A /* XAbstractionLibrary_UICommon.framework */,
				6003F58D195388D20070C39A /* Foundation.framework */,
				6003F58F195388D20070C39A /* CoreGraphics.framework */,
				6003F591195388D20070C39A /* UIKit.framework */,
				6003F5AF195388D20070C39A /* XCTest.framework */,
				A1151F72671B7B7CE002BB87 /* Pods_XAbstractionLibrary_UICommon_Example.framework */,
				537AFEC73417810B1568002A /* Pods_XAbstractionLibrary_UICommon_Tests.framework */,
			);
			name = Frameworks;
			sourceTree = "<group>";
		};
		6003F593195388D20070C39A /* Example for XAbstractionLibrary-UICommon */ = {
			isa = PBXGroup;
			children = (
				BCA51C9724FE1BA0001E56CB /* ViewDemo */,
				BCA51C3F24FE1B8B001E56CB /* ListView */,
				BCA51BFE24FE1B8A001E56CB /* Navigation */,
				BCA51BE324FE1B8A001E56CB /* TabBar */,
				BCA51C4824FE1B8B001E56CB /* View */,
				BCA51C0524FE1B8A001E56CB /* ViewController */,
				BCFC9E1E211691FB00353BC3 /* Implementation-NetWork */,
				6003F59C195388D20070C39A /* XAppDelegate.h */,
				6003F59D195388D20070C39A /* XAppDelegate.m */,
				873B8AEA1B1F5CCA007FD442 /* Main.storyboard */,
				71719F9D1E33DC2100824A3D /* LaunchScreen.storyboard */,
				6003F5A8195388D20070C39A /* Images.xcassets */,
				6003F594195388D20070C39A /* Supporting Files */,
			);
			name = "Example for XAbstractionLibrary-UICommon";
			path = "XAbstractionLibrary-UICommon";
			sourceTree = "<group>";
		};
		6003F594195388D20070C39A /* Supporting Files */ = {
			isa = PBXGroup;
			children = (
				6003F595195388D20070C39A /* XAbstractionLibrary-UICommon-Info.plist */,
				6003F596195388D20070C39A /* InfoPlist.strings */,
				6003F599195388D20070C39A /* main.m */,
				6003F59B195388D20070C39A /* XAbstractionLibrary-UICommon-Prefix.pch */,
			);
			name = "Supporting Files";
			sourceTree = "<group>";
		};
		6003F5B5195388D20070C39A /* Tests */ = {
			isa = PBXGroup;
			children = (
				6003F5BB195388D20070C39A /* Tests.m */,
				6003F5B6195388D20070C39A /* Supporting Files */,
			);
			path = Tests;
			sourceTree = "<group>";
		};
		6003F5B6195388D20070C39A /* Supporting Files */ = {
			isa = PBXGroup;
			children = (
				6003F5B7195388D20070C39A /* Tests-Info.plist */,
				6003F5B8195388D20070C39A /* InfoPlist.strings */,
				606FC2411953D9B200FFA9A0 /* Tests-Prefix.pch */,
			);
			name = "Supporting Files";
			sourceTree = "<group>";
		};
		600894EEFFFD5075EA2583F4 /* Pods */ = {
			isa = PBXGroup;
			children = (
				5F851C8CE0C166764993D9E5 /* Pods-XAbstractionLibrary-UICommon_Example.debug.xcconfig */,
				3E4E1BACB205FF616AC04592 /* Pods-XAbstractionLibrary-UICommon_Example.release.xcconfig */,
				7D2B377170D905D86F578A52 /* Pods-XAbstractionLibrary-UICommon_Tests.debug.xcconfig */,
				5293023BE6FD6BC36C3EC386 /* Pods-XAbstractionLibrary-UICommon_Tests.release.xcconfig */,
				EF0CECCD0AB93A059D80FECF /* Pods-XAbstractionLibrary-UICommon_Example.prerelease.xcconfig */,
				C38ED315DEF851FE7CF1139A /* Pods-XAbstractionLibrary-UICommon_Tests.prerelease.xcconfig */,
			);
			name = Pods;
			sourceTree = "<group>";
		};
		60FF7A9C1954A5C5007DD14C /* Podspec Metadata */ = {
			isa = PBXGroup;
			children = (
				72B6FE6C1B543E8ACC09073A /* XAbstractionLibrary-UICommon.podspec */,
				CA3E15AC1059AE4B3253EF4A /* README.md */,
				EFD2D8742C3000ADC8358BAB /* LICENSE */,
			);
			name = "Podspec Metadata";
			sourceTree = "<group>";
		};
		BCA51BE324FE1B8A001E56CB /* TabBar */ = {
			isa = PBXGroup;
			children = (
				BCA51BE424FE1B8A001E56CB /* ViewController3.xib */,
				BCA51BE524FE1B8A001E56CB /* ViewController2.xib */,
				BCA51BE624FE1B8A001E56CB /* ViewController1.xib */,
				BCA51BE724FE1B8A001E56CB /* TabBarItem.h */,
				BCA51BE824FE1B8A001E56CB /* ViewController5.xib */,
				BCA51BE924FE1B8A001E56CB /* ViewController6.m */,
				BCA51BEA24FE1B8A001E56CB /* ViewController4.xib */,
				BCA51BEB24FE1B8A001E56CB /* TabBar.m */,
				BCA51BEC24FE1B8A001E56CB /* ViewController2.m */,
				BCA51BED24FE1B8A001E56CB /* ViewController6.xib */,
				BCA51BEE24FE1B8A001E56CB /* ViewController4.h */,
				BCA51BEF24FE1B8A001E56CB /* ViewController5.m */,
				BCA51BF024FE1B8A001E56CB /* TabBarViewController.h */,
				BCA51BF124FE1B8A001E56CB /* TabBarItem.xib */,
				BCA51BF224FE1B8A001E56CB /* ViewController3.h */,
				BCA51BF324FE1B8A001E56CB /* ViewController1.m */,
				BCA51BF424FE1B8A001E56CB /* ViewController4.m */,
				BCA51BF524FE1B8A001E56CB /* ViewController2.h */,
				BCA51BF624FE1B8A001E56CB /* TabBar.xib */,
				BCA51BF724FE1B8A001E56CB /* ViewController6.h */,
				BCA51BF824FE1B8A001E56CB /* TabBar.h */,
				BCA51BF924FE1B8A001E56CB /* TabBarItem.m */,
				BCA51BFA24FE1B8A001E56CB /* ViewController1.h */,
				BCA51BFB24FE1B8A001E56CB /* ViewController3.m */,
				BCA51BFC24FE1B8A001E56CB /* TabBarViewController.m */,
				BCA51BFD24FE1B8A001E56CB /* ViewController5.h */,
			);
			path = TabBar;
			sourceTree = "<group>";
		};
		BCA51BFE24FE1B8A001E56CB /* Navigation */ = {
			isa = PBXGroup;
			children = (
				BCA51BFF24FE1B8A001E56CB /* NavigationController.h */,
				BCA51C0024FE1B8A001E56CB /* NavigationControllerManager.h */,
				BCA51C0124FE1B8A001E56CB /* MainViewController.m */,
				BCA51C0224FE1B8A001E56CB /* NavigationController.m */,
				BCA51C0324FE1B8A001E56CB /* MainViewController.h */,
				BCA51C0424FE1B8A001E56CB /* NavigationControllerManager.m */,
			);
			path = Navigation;
			sourceTree = "<group>";
		};
		BCA51C0524FE1B8A001E56CB /* ViewController */ = {
			isa = PBXGroup;
			children = (
				BCA51C0624FE1B8A001E56CB /* DemoView.m */,
				BCA51C0724FE1B8A001E56CB /* AIRefreshBaseResult.m */,
				BCA51C0824FE1B8A001E56CB /* DemoViewController3.m */,
				BCA51C0924FE1B8A001E56CB /* DemoView2.h */,
				BCA51C0A24FE1B8A001E56CB /* DemoViewController1.h */,
				BCA51C0B24FE1B8A001E56CB /* DemoView3.m */,
				BCA51C0C24FE1B8A001E56CB /* DemoViewController2.h */,
				BCA51C0D24FE1B8A001E56CB /* AIRefreshBaseResult.h */,
				BCA51C0E24FE1B8A001E56CB /* DemoView.h */,
				BCA51C0F24FE1B8A001E56CB /* DemoViewController1.m */,
				BCA51C1024FE1B8A001E56CB /* DemoView2.m */,
				BCA51C1124FE1B8A001E56CB /* DemoViewController3.h */,
				BCA51C1224FE1B8A001E56CB /* DemoViewController2.m */,
				BCA51C1324FE1B8A001E56CB /* Base */,
				BCA51C3E24FE1B8B001E56CB /* DemoView3.h */,
			);
			path = ViewController;
			sourceTree = "<group>";
		};
		BCA51C1324FE1B8A001E56CB /* Base */ = {
			isa = PBXGroup;
			children = (
				BCA51C1424FE1B8A001E56CB /* AIBaseLoadingView.m */,
				BCA51C1524FE1B8A001E56CB /* AIDiscoverViewPresenter.m */,
				BCA51C1624FE1B8A001E56CB /* AIBaseNetRefreshViewController.m */,
				BCA51C1724FE1B8A001E56CB /* AIDiscoverViewController.m */,
				BCA51C1824FE1B8A001E56CB /* AIBaseRefreshViewPresenter.m */,
				BCA51C1924FE1B8A001E56CB /* AICollectionView.m */,
				BCA51C1A24FE1B8A001E56CB /* AIBaseViewController.h */,
				BCA51C1B24FE1B8A001E56CB /* AIBaseViewPresenter.h */,
				BCA51C1C24FE1B8A001E56CB /* AIBaseView.m */,
				BCA51C1D24FE1B8A001E56CB /* AIBaseLoadingView.xib */,
				BCA51C1E24FE1B8A001E56CB /* AIListFoot */,
				BCA51C2224FE1B8A001E56CB /* AIBaseRefreshViewController.m */,
				BCA51C2324FE1B8A001E56CB /* AIBaseErrorView.m */,
				BCA51C2424FE1B8A001E56CB /* AIBaseNetRefreshViewPresenter.h */,
				BCA51C2524FE1B8A001E56CB /* AIBaseNotDataView.xib */,
				BCA51C2624FE1B8A001E56CB /* AIBaseNotDataView.h */,
				BCA51C2724FE1B8A001E56CB /* AITableView.h */,
				BCA51C2824FE1B8A001E56CB /* AIBaseNotNetView.m */,
				BCA51C2924FE1B8A001E56CB /* AIDiscoverViewPresenter.h */,
				BCA51C2A24FE1B8A001E56CB /* AIBaseErrorView.xib */,
				BCA51C2B24FE1B8A001E56CB /* AIBaseLoadingView.h */,
				BCA51C2C24FE1B8A001E56CB /* AIBaseNotNetView.xib */,
				BCA51C2D24FE1B8A001E56CB /* AIBaseRefreshViewPresenter.h */,
				BCA51C2E24FE1B8A001E56CB /* AICollectionView.h */,
				BCA51C2F24FE1B8A001E56CB /* AIBaseNetRefreshViewController.h */,
				BCA51C3024FE1B8A001E56CB /* AIDiscoverViewController.h */,
				BCA51C3124FE1B8A001E56CB /* AIBaseNetRefreshViewPresenter.m */,
				BCA51C3224FE1B8A001E56CB /* AIBaseErrorView.h */,
				BCA51C3324FE1B8A001E56CB /* AIBaseRefreshViewController.h */,
				BCA51C3424FE1B8A001E56CB /* AIBaseView.h */,
				BCA51C3524FE1B8A001E56CB /* AIBaseViewPresenter.m */,
				BCA51C3624FE1B8A001E56CB /* AIBaseViewController.m */,
				BCA51C3724FE1B8A001E56CB /* AIListHead */,
				BCA51C3B24FE1B8A001E56CB /* AIBaseNotNetView.h */,
				BCA51C3C24FE1B8B001E56CB /* AITableView.m */,
				BCA51C3D24FE1B8B001E56CB /* AIBaseNotDataView.m */,
			);
			path = Base;
			sourceTree = "<group>";
		};
		BCA51C1E24FE1B8A001E56CB /* AIListFoot */ = {
			isa = PBXGroup;
			children = (
				BCA51C1F24FE1B8A001E56CB /* AIListFootView.m */,
				BCA51C2024FE1B8A001E56CB /* AIListFootView.xib */,
				BCA51C2124FE1B8A001E56CB /* AIListFootView.h */,
			);
			path = AIListFoot;
			sourceTree = "<group>";
		};
		BCA51C3724FE1B8A001E56CB /* AIListHead */ = {
			isa = PBXGroup;
			children = (
				BCA51C3824FE1B8A001E56CB /* AIListHeadView.xib */,
				BCA51C3924FE1B8A001E56CB /* AIListHeadView.m */,
				BCA51C3A24FE1B8A001E56CB /* AIListHeadView.h */,
			);
			path = AIListHead;
			sourceTree = "<group>";
		};
		BCA51C3F24FE1B8B001E56CB /* ListView */ = {
			isa = PBXGroup;
			children = (
				BCA51C4024FE1B8B001E56CB /* CustomHeadView.xib */,
				BCA51C4124FE1B8B001E56CB /* CustomFootView.h */,
				BCA51C4224FE1B8B001E56CB /* CustomHeadView.h */,
				BCA51C4324FE1B8B001E56CB /* BaseTableView.m */,
				BCA51C4424FE1B8B001E56CB /* CustomFootView.m */,
				BCA51C4524FE1B8B001E56CB /* BaseTableView.h */,
				BCA51C4624FE1B8B001E56CB /* CustomHeadView.m */,
				BCA51C4724FE1B8B001E56CB /* CustomFootView.xib */,
			);
			path = ListView;
			sourceTree = "<group>";
		};
		BCA51C4824FE1B8B001E56CB /* View */ = {
			isa = PBXGroup;
			children = (
				BCA51C4924FE1B8B001E56CB /* BaseErrorView.xib */,
				BCA51C4A24FE1B8B001E56CB /* BaseLoadingView.h */,
				BCA51C4B24FE1B8B001E56CB /* BaseView.m */,
				BCA51C4C24FE1B8B001E56CB /* BaseErrorView.m */,
				BCA51C4D24FE1B8B001E56CB /* BaseNotDataView.m */,
				BCA51C4E24FE1B8B001E56CB /* BaseNotNetView.h */,
				BCA51C4F24FE1B8B001E56CB /* BaseLoadingView.xib */,
				BCA51C5024FE1B8B001E56CB /* BaseLoadingView.m */,
				BCA51C5124FE1B8B001E56CB /* BaseNotDataView.xib */,
				BCA51C5224FE1B8B001E56CB /* BaseErrorView.h */,
				BCA51C5324FE1B8B001E56CB /* BaseView.h */,
				BCA51C5424FE1B8B001E56CB /* BaseNotNetView.xib */,
				BCA51C5524FE1B8B001E56CB /* BaseNotNetView.m */,
				BCA51C5624FE1B8B001E56CB /* BaseNotDataView.h */,
			);
			path = View;
			sourceTree = "<group>";
		};
		BCA51C9724FE1BA0001E56CB /* ViewDemo */ = {
			isa = PBXGroup;
			children = (
				BCA51C9824FE1BA0001E56CB /* CustomContentView1.xib */,
				BCA51C9924FE1BA0001E56CB /* CustomContentView1.m */,
				BCA51C9A24FE1BA0001E56CB /* CustomView1.m */,
				BCA51C9B24FE1BA0001E56CB /* CustomContentView1.h */,
				BCA51C9C24FE1BA0001E56CB /* CustomView1.h */,
			);
			path = ViewDemo;
			sourceTree = "<group>";
		};
		BCFC9E1E211691FB00353BC3 /* Implementation-NetWork */ = {
			isa = PBXGroup;
			children = (
				BCFC9E1F211691FB00353BC3 /* AIResolveResult.h */,
				BCFC9E20211691FB00353BC3 /* AIErrorCode.h */,
				BCFC9E21211691FB00353BC3 /* AINetInterFace.h */,
				BCFC9E2F211691FB00353BC3 /* AIHttpRequestManager.h */,
				BCFC9E22211691FB00353BC3 /* AIHttpRequestManager.m */,
				BCFC9E23211691FB00353BC3 /* AIHttpsRequestManager.h */,
				BCFC9E2E211691FB00353BC3 /* AIHttpsRequestManager.m */,
				BCFC9E2D211691FB00353BC3 /* AIBaseHttpRequestManager.h */,
				BCFC9E25211691FB00353BC3 /* AIBaseHttpRequestManager.m */,
				BCFC9E26211691FB00353BC3 /* AIResolveResult.m */,
				BCFC9E27211691FB00353BC3 /* Request */,
				BCFC9E2C211691FB00353BC3 /* AIBaseResult.h */,
				BCFC9E24211691FB00353BC3 /* AIBaseResult.m */,
				BCFC9E372116923700353BC3 /* AIBaseModel.h */,
				BCFC9E382116923700353BC3 /* AIBaseModel.m */,
				BCFC9E3A2116926A00353BC3 /* AIJSONAdapter.h */,
				BCFC9E3B2116926A00353BC3 /* AIJSONAdapter.m */,
				BCFC9E3D211692A400353BC3 /* AIAES.h */,
				BCFC9E3E211692A400353BC3 /* AIAES.m */,
			);
			path = "Implementation-NetWork";
			sourceTree = "<group>";
		};
		BCFC9E27211691FB00353BC3 /* Request */ = {
			isa = PBXGroup;
			children = (
				BCFC9E28211691FB00353BC3 /* AIBaseRequestHeader.h */,
				BCFC9E2B211691FB00353BC3 /* AIBaseRequestHeader.m */,
				BCFC9E29211691FB00353BC3 /* AIBaseRequest.h */,
				BCFC9E2A211691FB00353BC3 /* AIBaseRequest.m */,
			);
			path = Request;
			sourceTree = "<group>";
		};
/* End PBXGroup section */

/* Begin PBXNativeTarget section */
		6003F589195388D20070C39A /* XAbstractionLibrary-UICommon_Example */ = {
			isa = PBXNativeTarget;
			buildConfigurationList = 6003F5BF195388D20070C39A /* Build configuration list for PBXNativeTarget "XAbstractionLibrary-UICommon_Example" */;
			buildPhases = (
				AC64DB431FDCF5E124F10E3E /* [CP] Check Pods Manifest.lock */,
				6003F586195388D20070C39A /* Sources */,
				6003F587195388D20070C39A /* Frameworks */,
				6003F588195388D20070C39A /* Resources */,
				7E5025FFFCC6C802F8EAFEF6 /* [CP] Embed Pods Frameworks */,
			);
			buildRules = (
			);
			dependencies = (
			);
			name = "XAbstractionLibrary-UICommon_Example";
			productName = "XAbstractionLibrary-UICommon";
			productReference = 6003F58A195388D20070C39A /* XAbstractionLibrary-UICommon_Example.app */;
			productType = "com.apple.product-type.application";
		};
		6003F5AD195388D20070C39A /* XAbstractionLibrary-UICommon_Tests */ = {
			isa = PBXNativeTarget;
			buildConfigurationList = 6003F5C2195388D20070C39A /* Build configuration list for PBXNativeTarget "XAbstractionLibrary-UICommon_Tests" */;
			buildPhases = (
				4AE477A86BE96ED6327A5E55 /* [CP] Check Pods Manifest.lock */,
				6003F5AA195388D20070C39A /* Sources */,
				6003F5AB195388D20070C39A /* Frameworks */,
				6003F5AC195388D20070C39A /* Resources */,
			);
			buildRules = (
			);
			dependencies = (
				6003F5B4195388D20070C39A /* PBXTargetDependency */,
			);
			name = "XAbstractionLibrary-UICommon_Tests";
			productName = "XAbstractionLibrary-UICommonTests";
			productReference = 6003F5AE195388D20070C39A /* XAbstractionLibrary-UICommon_Tests.xctest */;
			productType = "com.apple.product-type.bundle.unit-test";
		};
/* End PBXNativeTarget section */

/* Begin PBXProject section */
		6003F582195388D10070C39A /* Project object */ = {
			isa = PBXProject;
			attributes = {
				CLASSPREFIX = X;
				LastUpgradeCheck = 0720;
				ORGANIZATIONNAME = jiaojiaozhe;
				TargetAttributes = {
					6003F589195388D20070C39A = {
						DevelopmentTeam = 7G6DSLE4J6;
					};
					6003F5AD195388D20070C39A = {
						TestTargetID = 6003F589195388D20070C39A;
					};
				};
			};
			buildConfigurationList = 6003F585195388D10070C39A /* Build configuration list for PBXProject "XAbstractionLibrary-UICommon" */;
			compatibilityVersion = "Xcode 3.2";
			developmentRegion = English;
			hasScannedForEncodings = 0;
			knownRegions = (
				English,
				en,
				Base,
			);
			mainGroup = 6003F581195388D10070C39A;
			productRefGroup = 6003F58B195388D20070C39A /* Products */;
			projectDirPath = "";
			projectRoot = "";
			targets = (
				6003F589195388D20070C39A /* XAbstractionLibrary-UICommon_Example */,
				6003F5AD195388D20070C39A /* XAbstractionLibrary-UICommon_Tests */,
			);
		};
/* End PBXProject section */

/* Begin PBXResourcesBuildPhase section */
		6003F588195388D20070C39A /* Resources */ = {
			isa = PBXResourcesBuildPhase;
			buildActionMask = 2147483647;
			files = (
				BCA51C7924FE1B8B001E56CB /* AIBaseLoadingView.xib in Resources */,
				BCA51C9524FE1B8B001E56CB /* BaseNotNetView.xib in Resources */,
				BCA51C5A24FE1B8B001E56CB /* ViewController5.xib in Resources */,
				BCA51C9D24FE1BA0001E56CB /* CustomContentView1.xib in Resources */,
				BCA51C7B24FE1B8B001E56CB /* AIListFootView.xib in Resources */,
				BCA51C5F24FE1B8B001E56CB /* ViewController6.xib in Resources */,
				BCA51C5924FE1B8B001E56CB /* ViewController1.xib in Resources */,
				BCA51C8124FE1B8B001E56CB /* AIBaseNotNetView.xib in Resources */,
				BCA51C9224FE1B8B001E56CB /* BaseLoadingView.xib in Resources */,
				BCA51C6124FE1B8B001E56CB /* TabBarItem.xib in Resources */,
				873B8AEB1B1F5CCA007FD442 /* Main.storyboard in Resources */,
				BCA51C5C24FE1B8B001E56CB /* ViewController4.xib in Resources */,
				71719F9F1E33DC2100824A3D /* LaunchScreen.storyboard in Resources */,
				6003F5A9195388D20070C39A /* Images.xcassets in Resources */,
				BCA51C5824FE1B8B001E56CB /* ViewController2.xib in Resources */,
				6003F598195388D20070C39A /* InfoPlist.strings in Resources */,
				BCA51C8D24FE1B8B001E56CB /* CustomFootView.xib in Resources */,
				BCA51C7E24FE1B8B001E56CB /* AIBaseNotDataView.xib in Resources */,
				BCA51C8524FE1B8B001E56CB /* AIListHeadView.xib in Resources */,
				BCA51C9424FE1B8B001E56CB /* BaseNotDataView.xib in Resources */,
				BCA51C5724FE1B8B001E56CB /* ViewController3.xib in Resources */,
				BCA51C8024FE1B8B001E56CB /* AIBaseErrorView.xib in Resources */,
				BCA51C8E24FE1B8B001E56CB /* BaseErrorView.xib in Resources */,
				BCA51C8924FE1B8B001E56CB /* CustomHeadView.xib in Resources */,
				BCA51C6424FE1B8B001E56CB /* TabBar.xib in Resources */,
			);
			runOnlyForDeploymentPostprocessing = 0;
		};
		6003F5AC195388D20070C39A /* Resources */ = {
			isa = PBXResourcesBuildPhase;
			buildActionMask = 2147483647;
			files = (
				6003F5BA195388D20070C39A /* InfoPlist.strings in Resources */,
			);
			runOnlyForDeploymentPostprocessing = 0;
		};
/* End PBXResourcesBuildPhase section */

/* Begin PBXShellScriptBuildPhase section */
		4AE477A86BE96ED6327A5E55 /* [CP] Check Pods Manifest.lock */ = {
			isa = PBXShellScriptBuildPhase;
			buildActionMask = 2147483647;
			files = (
			);
			inputPaths = (
				"${PODS_PODFILE_DIR_PATH}/Podfile.lock",
				"${PODS_ROOT}/Manifest.lock",
			);
			name = "[CP] Check Pods Manifest.lock";
			outputPaths = (
				"$(DERIVED_FILE_DIR)/Pods-XAbstractionLibrary-UICommon_Tests-checkManifestLockResult.txt",
			);
			runOnlyForDeploymentPostprocessing = 0;
			shellPath = /bin/sh;
			shellScript = "diff \"${PODS_PODFILE_DIR_PATH}/Podfile.lock\" \"${PODS_ROOT}/Manifest.lock\" > /dev/null\nif [ $? != 0 ] ; then\n    # print error to STDERR\n    echo \"error: The sandbox is not in sync with the Podfile.lock. Run 'pod install' or update your CocoaPods installation.\" >&2\n    exit 1\nfi\n# This output is used by Xcode 'outputs' to avoid re-running this script phase.\necho \"SUCCESS\" > \"${SCRIPT_OUTPUT_FILE_0}\"\n";
			showEnvVarsInLog = 0;
		};
		7E5025FFFCC6C802F8EAFEF6 /* [CP] Embed Pods Frameworks */ = {
			isa = PBXShellScriptBuildPhase;
			buildActionMask = 2147483647;
			files = (
			);
			inputPaths = (
				"${PODS_ROOT}/Target Support Files/Pods-XAbstractionLibrary-UICommon_Example/Pods-XAbstractionLibrary-UICommon_Example-frameworks.sh",
				"${BUILT_PRODUCTS_DIR}/AFNetworking/AFNetworking.framework",
				"${BUILT_PRODUCTS_DIR}/MD5Digest/MD5Digest.framework",
				"${BUILT_PRODUCTS_DIR}/Mantle/Mantle.framework",
				"${BUILT_PRODUCTS_DIR}/OpenUDID/OpenUDID.framework",
				"${BUILT_PRODUCTS_DIR}/XAbstractionLibrary-Base/XAbstractionLibrary_Base.framework",
				"${BUILT_PRODUCTS_DIR}/XAbstractionLibrary-NetWork/XAbstractionLibrary_NetWork.framework",
				"${BUILT_PRODUCTS_DIR}/XAbstractionLibrary-Parse/XAbstractionLibrary_Parse.framework",
				"${BUILT_PRODUCTS_DIR}/XAbstractionLibrary-UICommon/XAbstractionLibrary_UICommon.framework",
				"${BUILT_PRODUCTS_DIR}/XXNibBridge/XXNibBridge.framework",
			);
			name = "[CP] Embed Pods Frameworks";
			outputPaths = (
				"${TARGET_BUILD_DIR}/${FRAMEWORKS_FOLDER_PATH}/AFNetworking.framework",
				"${TARGET_BUILD_DIR}/${FRAMEWORKS_FOLDER_PATH}/MD5Digest.framework",
				"${TARGET_BUILD_DIR}/${FRAMEWORKS_FOLDER_PATH}/Mantle.framework",
				"${TARGET_BUILD_DIR}/${FRAMEWORKS_FOLDER_PATH}/OpenUDID.framework",
				"${TARGET_BUILD_DIR}/${FRAMEWORKS_FOLDER_PATH}/XAbstractionLibrary_Base.framework",
				"${TARGET_BUILD_DIR}/${FRAMEWORKS_FOLDER_PATH}/XAbstractionLibrary_NetWork.framework",
				"${TARGET_BUILD_DIR}/${FRAMEWORKS_FOLDER_PATH}/XAbstractionLibrary_Parse.framework",
				"${TARGET_BUILD_DIR}/${FRAMEWORKS_FOLDER_PATH}/XAbstractionLibrary_UICommon.framework",
				"${TARGET_BUILD_DIR}/${FRAMEWORKS_FOLDER_PATH}/XXNibBridge.framework",
			);
			runOnlyForDeploymentPostprocessing = 0;
			shellPath = /bin/sh;
			shellScript = "\"${PODS_ROOT}/Target Support Files/Pods-XAbstractionLibrary-UICommon_Example/Pods-XAbstractionLibrary-UICommon_Example-frameworks.sh\"\n";
			showEnvVarsInLog = 0;
		};
		AC64DB431FDCF5E124F10E3E /* [CP] Check Pods Manifest.lock */ = {
			isa = PBXShellScriptBuildPhase;
			buildActionMask = 2147483647;
			files = (
			);
			inputPaths = (
				"${PODS_PODFILE_DIR_PATH}/Podfile.lock",
				"${PODS_ROOT}/Manifest.lock",
			);
			name = "[CP] Check Pods Manifest.lock";
			outputPaths = (
				"$(DERIVED_FILE_DIR)/Pods-XAbstractionLibrary-UICommon_Example-checkManifestLockResult.txt",
			);
			runOnlyForDeploymentPostprocessing = 0;
			shellPath = /bin/sh;
			shellScript = "diff \"${PODS_PODFILE_DIR_PATH}/Podfile.lock\" \"${PODS_ROOT}/Manifest.lock\" > /dev/null\nif [ $? != 0 ] ; then\n    # print error to STDERR\n    echo \"error: The sandbox is not in sync with the Podfile.lock. Run 'pod install' or update your CocoaPods installation.\" >&2\n    exit 1\nfi\n# This output is used by Xcode 'outputs' to avoid re-running this script phase.\necho \"SUCCESS\" > \"${SCRIPT_OUTPUT_FILE_0}\"\n";
			showEnvVarsInLog = 0;
		};
/* End PBXShellScriptBuildPhase section */

/* Begin PBXSourcesBuildPhase section */
		6003F586195388D20070C39A /* Sources */ = {
			isa = PBXSourcesBuildPhase;
			buildActionMask = 2147483647;
			files = (
				BCA51C9324FE1B8B001E56CB /* BaseLoadingView.m in Sources */,
				BCA51C9124FE1B8B001E56CB /* BaseNotDataView.m in Sources */,
				BCA51C6024FE1B8B001E56CB /* ViewController5.m in Sources */,
				BCA51C7C24FE1B8B001E56CB /* AIBaseRefreshViewController.m in Sources */,
				BCA51C9624FE1B8B001E56CB /* BaseNotNetView.m in Sources */,
				BCA51C6324FE1B8B001E56CB /* ViewController4.m in Sources */,
				BCA51C8F24FE1B8B001E56CB /* BaseView.m in Sources */,
				BCA51C7724FE1B8B001E56CB /* AICollectionView.m in Sources */,
				BCA51C5D24FE1B8B001E56CB /* TabBar.m in Sources */,
				BCA51C8724FE1B8B001E56CB /* AITableView.m in Sources */,
				BCA51C7424FE1B8B001E56CB /* AIBaseNetRefreshViewController.m in Sources */,
				BCFC9E392116923700353BC3 /* AIBaseModel.m in Sources */,
				BCA51C7524FE1B8B001E56CB /* AIDiscoverViewController.m in Sources */,
				BCA51C7224FE1B8B001E56CB /* AIBaseLoadingView.m in Sources */,
				BCFC9E34211691FC00353BC3 /* AIBaseRequest.m in Sources */,
				BCFC9E35211691FC00353BC3 /* AIBaseRequestHeader.m in Sources */,
				BCA51C7124FE1B8B001E56CB /* DemoViewController2.m in Sources */,
				BCA51C8224FE1B8B001E56CB /* AIBaseNetRefreshViewPresenter.m in Sources */,
				BCA51C5B24FE1B8B001E56CB /* ViewController6.m in Sources */,
				BCA51C6B24FE1B8B001E56CB /* DemoView.m in Sources */,
				BCFC9E32211691FC00353BC3 /* AIBaseHttpRequestManager.m in Sources */,
				6003F59E195388D20070C39A /* XAppDelegate.m in Sources */,
				BCA51C6224FE1B8B001E56CB /* ViewController1.m in Sources */,
				BCA51C6524FE1B8B001E56CB /* TabBarItem.m in Sources */,
				BCA51C8B24FE1B8B001E56CB /* CustomFootView.m in Sources */,
				BCA51C8424FE1B8B001E56CB /* AIBaseViewController.m in Sources */,
				BCA51C6824FE1B8B001E56CB /* MainViewController.m in Sources */,
				BCA51C7824FE1B8B001E56CB /* AIBaseView.m in Sources */,
				BCFC9E3C2116926A00353BC3 /* AIJSONAdapter.m in Sources */,
				BCFC9E30211691FC00353BC3 /* AIHttpRequestManager.m in Sources */,
				BCA51C6D24FE1B8B001E56CB /* DemoViewController3.m in Sources */,
				BCA51C8C24FE1B8B001E56CB /* CustomHeadView.m in Sources */,
				BCA51C6A24FE1B8B001E56CB /* NavigationControllerManager.m in Sources */,
				BCA51C8A24FE1B8B001E56CB /* BaseTableView.m in Sources */,
				BCA51C7324FE1B8B001E56CB /* AIDiscoverViewPresenter.m in Sources */,
				BCFC9E36211691FC00353BC3 /* AIHttpsRequestManager.m in Sources */,
				BCA51C9024FE1B8B001E56CB /* BaseErrorView.m in Sources */,
				BCA51C7024FE1B8B001E56CB /* DemoView2.m in Sources */,
				BCA51C9E24FE1BA0001E56CB /* CustomContentView1.m in Sources */,
				BCA51C6F24FE1B8B001E56CB /* DemoViewController1.m in Sources */,
				BCFC9E33211691FC00353BC3 /* AIResolveResult.m in Sources */,
				BCA51C8624FE1B8B001E56CB /* AIListHeadView.m in Sources */,
				BCA51C8824FE1B8B001E56CB /* AIBaseNotDataView.m in Sources */,
				6003F59A195388D20070C39A /* main.m in Sources */,
				BCA51C5E24FE1B8B001E56CB /* ViewController2.m in Sources */,
				BCA51C6724FE1B8B001E56CB /* TabBarViewController.m in Sources */,
				BCA51C9F24FE1BA0001E56CB /* CustomView1.m in Sources */,
				BCFC9E3F211692A400353BC3 /* AIAES.m in Sources */,
				BCA51C7624FE1B8B001E56CB /* AIBaseRefreshViewPresenter.m in Sources */,
				BCA51C6924FE1B8B001E56CB /* NavigationController.m in Sources */,
				BCA51C6C24FE1B8B001E56CB /* AIRefreshBaseResult.m in Sources */,
				BCA51C7A24FE1B8B001E56CB /* AIListFootView.m in Sources */,
				BCA51C7D24FE1B8B001E56CB /* AIBaseErrorView.m in Sources */,
				BCA51C6E24FE1B8B001E56CB /* DemoView3.m in Sources */,
				BCA51C8324FE1B8B001E56CB /* AIBaseViewPresenter.m in Sources */,
				BCFC9E31211691FC00353BC3 /* AIBaseResult.m in Sources */,
				BCA51C6624FE1B8B001E56CB /* ViewController3.m in Sources */,
				BCA51C7F24FE1B8B001E56CB /* AIBaseNotNetView.m in Sources */,
			);
			runOnlyForDeploymentPostprocessing = 0;
		};
		6003F5AA195388D20070C39A /* Sources */ = {
			isa = PBXSourcesBuildPhase;
			buildActionMask = 2147483647;
			files = (
				6003F5BC195388D20070C39A /* Tests.m in Sources */,
			);
			runOnlyForDeploymentPostprocessing = 0;
		};
/* End PBXSourcesBuildPhase section */

/* Begin PBXTargetDependency section */
		6003F5B4195388D20070C39A /* PBXTargetDependency */ = {
			isa = PBXTargetDependency;
			target = 6003F589195388D20070C39A /* XAbstractionLibrary-UICommon_Example */;
			targetProxy = 6003F5B3195388D20070C39A /* PBXContainerItemProxy */;
		};
/* End PBXTargetDependency section */

/* Begin PBXVariantGroup section */
		6003F596195388D20070C39A /* InfoPlist.strings */ = {
			isa = PBXVariantGroup;
			children = (
				6003F597195388D20070C39A /* en */,
			);
			name = InfoPlist.strings;
			sourceTree = "<group>";
		};
		6003F5B8195388D20070C39A /* InfoPlist.strings */ = {
			isa = PBXVariantGroup;
			children = (
				6003F5B9195388D20070C39A /* en */,
			);
			name = InfoPlist.strings;
			sourceTree = "<group>";
		};
		71719F9D1E33DC2100824A3D /* LaunchScreen.storyboard */ = {
			isa = PBXVariantGroup;
			children = (
				71719F9E1E33DC2100824A3D /* Base */,
			);
			name = LaunchScreen.storyboard;
			sourceTree = "<group>";
		};
/* End PBXVariantGroup section */

/* Begin XCBuildConfiguration section */
		6003F5BD195388D20070C39A /* Debug */ = {
			isa = XCBuildConfiguration;
			buildSettings = {
				ALWAYS_SEARCH_USER_PATHS = NO;
				CLANG_CXX_LANGUAGE_STANDARD = "gnu++0x";
				CLANG_CXX_LIBRARY = "libc++";
				CLANG_ENABLE_MODULES = YES;
				CLANG_ENABLE_OBJC_ARC = YES;
				CLANG_WARN_BOOL_CONVERSION = YES;
				CLANG_WARN_CONSTANT_CONVERSION = YES;
				CLANG_WARN_DIRECT_OBJC_ISA_USAGE = YES_ERROR;
				CLANG_WARN_EMPTY_BODY = YES;
				CLANG_WARN_ENUM_CONVERSION = YES;
				CLANG_WARN_INT_CONVERSION = YES;
				CLANG_WARN_OBJC_ROOT_CLASS = YES_ERROR;
				CLANG_WARN__DUPLICATE_METHOD_MATCH = YES;
				"CODE_SIGN_IDENTITY[sdk=iphoneos*]" = "iPhone Developer";
				COPY_PHASE_STRIP = NO;
				ENABLE_TESTABILITY = YES;
				GCC_C_LANGUAGE_STANDARD = gnu99;
				GCC_DYNAMIC_NO_PIC = NO;
				GCC_OPTIMIZATION_LEVEL = 0;
				GCC_PREPROCESSOR_DEFINITIONS = (
					"DEBUG=1",
					"$(inherited)",
				);
				GCC_SYMBOLS_PRIVATE_EXTERN = NO;
				GCC_WARN_64_TO_32_BIT_CONVERSION = YES;
				GCC_WARN_ABOUT_RETURN_TYPE = YES_ERROR;
				GCC_WARN_UNDECLARED_SELECTOR = YES;
				GCC_WARN_UNINITIALIZED_AUTOS = YES_AGGRESSIVE;
				GCC_WARN_UNUSED_FUNCTION = YES;
				GCC_WARN_UNUSED_VARIABLE = YES;
				IPHONEOS_DEPLOYMENT_TARGET = 9.0;
				ONLY_ACTIVE_ARCH = YES;
				SDKROOT = iphoneos;
				TARGETED_DEVICE_FAMILY = "1,2";
			};
			name = Debug;
		};
		6003F5BE195388D20070C39A /* Release */ = {
			isa = XCBuildConfiguration;
			buildSettings = {
				ALWAYS_SEARCH_USER_PATHS = NO;
				CLANG_CXX_LANGUAGE_STANDARD = "gnu++0x";
				CLANG_CXX_LIBRARY = "libc++";
				CLANG_ENABLE_MODULES = YES;
				CLANG_ENABLE_OBJC_ARC = YES;
				CLANG_WARN_BOOL_CONVERSION = YES;
				CLANG_WARN_CONSTANT_CONVERSION = YES;
				CLANG_WARN_DIRECT_OBJC_ISA_USAGE = YES_ERROR;
				CLANG_WARN_EMPTY_BODY = YES;
				CLANG_WARN_ENUM_CONVERSION = YES;
				CLANG_WARN_INT_CONVERSION = YES;
				CLANG_WARN_OBJC_ROOT_CLASS = YES_ERROR;
				CLANG_WARN__DUPLICATE_METHOD_MATCH = YES;
				"CODE_SIGN_IDENTITY[sdk=iphoneos*]" = "iPhone Developer";
				COPY_PHASE_STRIP = YES;
				ENABLE_NS_ASSERTIONS = NO;
				GCC_C_LANGUAGE_STANDARD = gnu99;
				GCC_WARN_64_TO_32_BIT_CONVERSION = YES;
				GCC_WARN_ABOUT_RETURN_TYPE = YES_ERROR;
				GCC_WARN_UNDECLARED_SELECTOR = YES;
				GCC_WARN_UNINITIALIZED_AUTOS = YES_AGGRESSIVE;
				GCC_WARN_UNUSED_FUNCTION = YES;
				GCC_WARN_UNUSED_VARIABLE = YES;
				IPHONEOS_DEPLOYMENT_TARGET = 9.0;
				SDKROOT = iphoneos;
				TARGETED_DEVICE_FAMILY = "1,2";
				VALIDATE_PRODUCT = YES;
			};
			name = Release;
		};
		6003F5C0195388D20070C39A /* Debug */ = {
			isa = XCBuildConfiguration;
			baseConfigurationReference = 5F851C8CE0C166764993D9E5 /* Pods-XAbstractionLibrary-UICommon_Example.debug.xcconfig */;
			buildSettings = {
				ARCHS = "$(ARCHS_STANDARD)";
				ASSETCATALOG_COMPILER_APPICON_NAME = AppIcon;
				DEVELOPMENT_TEAM = 7G6DSLE4J6;
				GCC_PRECOMPILE_PREFIX_HEADER = YES;
				GCC_PREFIX_HEADER = "XAbstractionLibrary-UICommon/XAbstractionLibrary-UICommon-Prefix.pch";
				INFOPLIST_FILE = "XAbstractionLibrary-UICommon/XAbstractionLibrary-UICommon-Info.plist";
				IPHONEOS_DEPLOYMENT_TARGET = 9.0;
				MODULE_NAME = ExampleApp;
				ONLY_ACTIVE_ARCH = YES;
				OTHER_LDFLAGS = (
					"$(inherited)",
					"-framework",
					"\"AFNetworking\"",
					"-framework",
					"\"AdSupport\"",
					"-framework",
					"\"Foundation\"",
					"-framework",
					"\"MD5Digest\"",
					"-framework",
					"\"Mantle\"",
					"-framework",
					"\"OpenUDID\"",
					"-framework",
					"\"XAbstractionLibrary_Base\"",
					"-framework",
					"\"XAbstractionLibrary_NetWork\"",
					"-framework",
					"\"XAbstractionLibrary_Parse\"",
					"-framework",
					"\"XAbstractionLibrary_UICommon\"",
					"-framework",
					"\"XXNibBridge\"",
				);
				PRODUCT_BUNDLE_IDENTIFIER = com.study.xabstractionlibrary.uiconmon;
				PRODUCT_NAME = "$(TARGET_NAME)";
				WRAPPER_EXTENSION = app;
			};
			name = Debug;
		};
		6003F5C1195388D20070C39A /* Release */ = {
			isa = XCBuildConfiguration;
			baseConfigurationReference = 3E4E1BACB205FF616AC04592 /* Pods-XAbstractionLibrary-UICommon_Example.release.xcconfig */;
			buildSettings = {
				ARCHS = "$(ARCHS_STANDARD)";
				ASSETCATALOG_COMPILER_APPICON_NAME = AppIcon;
				DEVELOPMENT_TEAM = 7G6DSLE4J6;
				GCC_PRECOMPILE_PREFIX_HEADER = YES;
				GCC_PREFIX_HEADER = "XAbstractionLibrary-UICommon/XAbstractionLibrary-UICommon-Prefix.pch";
				GCC_PREPROCESSOR_DEFINITIONS = (
					"$(inherited)",
					"COCOAPODS=1",
					"RELEASE=1",
				);
				INFOPLIST_FILE = "XAbstractionLibrary-UICommon/XAbstractionLibrary-UICommon-Info.plist";
				IPHONEOS_DEPLOYMENT_TARGET = 9.0;
				MODULE_NAME = ExampleApp;
				OTHER_LDFLAGS = (
					"$(inherited)",
					"-framework",
					"\"AFNetworking\"",
					"-framework",
					"\"AdSupport\"",
					"-framework",
					"\"Foundation\"",
					"-framework",
					"\"MD5Digest\"",
					"-framework",
					"\"Mantle\"",
					"-framework",
					"\"OpenUDID\"",
					"-framework",
					"\"XAbstractionLibrary_Base\"",
					"-framework",
					"\"XAbstractionLibrary_NetWork\"",
					"-framework",
					"\"XAbstractionLibrary_Parse\"",
					"-framework",
					"\"XAbstractionLibrary_UICommon\"",
					"-framework",
					"\"XXNibBridge\"",
				);
				PRODUCT_BUNDLE_IDENTIFIER = com.study.xabstractionlibrary.uiconmon;
				PRODUCT_NAME = "$(TARGET_NAME)";
				WRAPPER_EXTENSION = app;
			};
			name = Release;
		};
		6003F5C3195388D20070C39A /* Debug */ = {
			isa = XCBuildConfiguration;
			baseConfigurationReference = 7D2B377170D905D86F578A52 /* Pods-XAbstractionLibrary-UICommon_Tests.debug.xcconfig */;
			buildSettings = {
				BUNDLE_LOADER = "$(TEST_HOST)";
				FRAMEWORK_SEARCH_PATHS = (
					"$(SDKROOT)/Developer/Library/Frameworks",
					"$(inherited)",
					"$(DEVELOPER_FRAMEWORKS_DIR)",
				);
				GCC_PRECOMPILE_PREFIX_HEADER = YES;
				GCC_PREFIX_HEADER = "Tests/Tests-Prefix.pch";
				GCC_PREPROCESSOR_DEFINITIONS = (
					"DEBUG=1",
					"$(inherited)",
				);
				INFOPLIST_FILE = "Tests/Tests-Info.plist";
				PRODUCT_BUNDLE_IDENTIFIER = "org.cocoapods.demo.${PRODUCT_NAME:rfc1034identifier}";
				PRODUCT_NAME = "$(TARGET_NAME)";
				TEST_HOST = "$(BUILT_PRODUCTS_DIR)/XAbstractionLibrary-UICommon_Example.app/XAbstractionLibrary-UICommon_Example";
				WRAPPER_EXTENSION = xctest;
			};
			name = Debug;
		};
		6003F5C4195388D20070C39A /* Release */ = {
			isa = XCBuildConfiguration;
			baseConfigurationReference = 5293023BE6FD6BC36C3EC386 /* Pods-XAbstractionLibrary-UICommon_Tests.release.xcconfig */;
			buildSettings = {
				BUNDLE_LOADER = "$(TEST_HOST)";
				FRAMEWORK_SEARCH_PATHS = (
					"$(SDKROOT)/Developer/Library/Frameworks",
					"$(inherited)",
					"$(DEVELOPER_FRAMEWORKS_DIR)",
				);
				GCC_PRECOMPILE_PREFIX_HEADER = YES;
				GCC_PREFIX_HEADER = "Tests/Tests-Prefix.pch";
				INFOPLIST_FILE = "Tests/Tests-Info.plist";
				PRODUCT_BUNDLE_IDENTIFIER = "org.cocoapods.demo.${PRODUCT_NAME:rfc1034identifier}";
				PRODUCT_NAME = "$(TARGET_NAME)";
				TEST_HOST = "$(BUILT_PRODUCTS_DIR)/XAbstractionLibrary-UICommon_Example.app/XAbstractionLibrary-UICommon_Example";
				WRAPPER_EXTENSION = xctest;
			};
			name = Release;
		};
		BCD10E62250332DB00FD9483 /* Prerelease */ = {
			isa = XCBuildConfiguration;
			buildSettings = {
				ALWAYS_SEARCH_USER_PATHS = NO;
				CLANG_CXX_LANGUAGE_STANDARD = "gnu++0x";
				CLANG_CXX_LIBRARY = "libc++";
				CLANG_ENABLE_MODULES = YES;
				CLANG_ENABLE_OBJC_ARC = YES;
				CLANG_WARN_BOOL_CONVERSION = YES;
				CLANG_WARN_CONSTANT_CONVERSION = YES;
				CLANG_WARN_DIRECT_OBJC_ISA_USAGE = YES_ERROR;
				CLANG_WARN_EMPTY_BODY = YES;
				CLANG_WARN_ENUM_CONVERSION = YES;
				CLANG_WARN_INT_CONVERSION = YES;
				CLANG_WARN_OBJC_ROOT_CLASS = YES_ERROR;
				CLANG_WARN__DUPLICATE_METHOD_MATCH = YES;
				"CODE_SIGN_IDENTITY[sdk=iphoneos*]" = "iPhone Developer";
				COPY_PHASE_STRIP = YES;
				ENABLE_NS_ASSERTIONS = NO;
				GCC_C_LANGUAGE_STANDARD = gnu99;
				GCC_WARN_64_TO_32_BIT_CONVERSION = YES;
				GCC_WARN_ABOUT_RETURN_TYPE = YES_ERROR;
				GCC_WARN_UNDECLARED_SELECTOR = YES;
				GCC_WARN_UNINITIALIZED_AUTOS = YES_AGGRESSIVE;
				GCC_WARN_UNUSED_FUNCTION = YES;
				GCC_WARN_UNUSED_VARIABLE = YES;
				IPHONEOS_DEPLOYMENT_TARGET = 9.0;
				SDKROOT = iphoneos;
				TARGETED_DEVICE_FAMILY = "1,2";
				VALIDATE_PRODUCT = YES;
			};
			name = Prerelease;
		};
		BCD10E63250332DB00FD9483 /* Prerelease */ = {
			isa = XCBuildConfiguration;
			baseConfigurationReference = EF0CECCD0AB93A059D80FECF /* Pods-XAbstractionLibrary-UICommon_Example.prerelease.xcconfig */;
			buildSettings = {
				ARCHS = "$(ARCHS_STANDARD)";
				ASSETCATALOG_COMPILER_APPICON_NAME = AppIcon;
				DEVELOPMENT_TEAM = 7G6DSLE4J6;
				GCC_PRECOMPILE_PREFIX_HEADER = YES;
				GCC_PREFIX_HEADER = "XAbstractionLibrary-UICommon/XAbstractionLibrary-UICommon-Prefix.pch";
				GCC_PREPROCESSOR_DEFINITIONS = (
					"$(inherited)",
					"COCOAPODS=1",
					"PRERELEASE=1",
				);
				INFOPLIST_FILE = "XAbstractionLibrary-UICommon/XAbstractionLibrary-UICommon-Info.plist";
				IPHONEOS_DEPLOYMENT_TARGET = 9.0;
				MODULE_NAME = ExampleApp;
				OTHER_LDFLAGS = (
					"$(inherited)",
					"-framework",
					"\"AFNetworking\"",
					"-framework",
					"\"AdSupport\"",
					"-framework",
					"\"Foundation\"",
					"-framework",
					"\"MD5Digest\"",
					"-framework",
					"\"Mantle\"",
					"-framework",
					"\"OpenUDID\"",
					"-framework",
					"\"XAbstractionLibrary_Base\"",
					"-framework",
					"\"XAbstractionLibrary_NetWork\"",
					"-framework",
					"\"XAbstractionLibrary_Parse\"",
					"-framework",
					"\"XAbstractionLibrary_UICommon\"",
					"-framework",
					"\"XXNibBridge\"",
				);
				PRODUCT_BUNDLE_IDENTIFIER = com.study.xabstractionlibrary.uiconmon;
				PRODUCT_NAME = "$(TARGET_NAME)";
				WRAPPER_EXTENSION = app;
			};
			name = Prerelease;
		};
		BCD10E64250332DB00FD9483 /* Prerelease */ = {
			isa = XCBuildConfiguration;
			baseConfigurationReference = C38ED315DEF851FE7CF1139A /* Pods-XAbstractionLibrary-UICommon_Tests.prerelease.xcconfig */;
			buildSettings = {
				BUNDLE_LOADER = "$(TEST_HOST)";
				FRAMEWORK_SEARCH_PATHS = (
					"$(SDKROOT)/Developer/Library/Frameworks",
					"$(inherited)",
					"$(DEVELOPER_FRAMEWORKS_DIR)",
				);
				GCC_PRECOMPILE_PREFIX_HEADER = YES;
				GCC_PREFIX_HEADER = "Tests/Tests-Prefix.pch";
				INFOPLIST_FILE = "Tests/Tests-Info.plist";
				PRODUCT_BUNDLE_IDENTIFIER = "org.cocoapods.demo.${PRODUCT_NAME:rfc1034identifier}";
				PRODUCT_NAME = "$(TARGET_NAME)";
				TEST_HOST = "$(BUILT_PRODUCTS_DIR)/XAbstractionLibrary-UICommon_Example.app/XAbstractionLibrary-UICommon_Example";
				WRAPPER_EXTENSION = xctest;
			};
			name = Prerelease;
		};
/* End XCBuildConfiguration section */

/* Begin XCConfigurationList section */
		6003F585195388D10070C39A /* Build configuration list for PBXProject "XAbstractionLibrary-UICommon" */ = {
			isa = XCConfigurationList;
			buildConfigurations = (
				6003F5BD195388D20070C39A /* Debug */,
				6003F5BE195388D20070C39A /* Release */,
				BCD10E62250332DB00FD9483 /* Prerelease */,
			);
			defaultConfigurationIsVisible = 0;
			defaultConfigurationName = Release;
		};
		6003F5BF195388D20070C39A /* Build configuration list for PBXNativeTarget "XAbstractionLibrary-UICommon_Example" */ = {
			isa = XCConfigurationList;
			buildConfigurations = (
				6003F5C0195388D20070C39A /* Debug */,
				6003F5C1195388D20070C39A /* Release */,
				BCD10E63250332DB00FD9483 /* Prerelease */,
			);
			defaultConfigurationIsVisible = 0;
			defaultConfigurationName = Release;
		};
		6003F5C2195388D20070C39A /* Build configuration list for PBXNativeTarget "XAbstractionLibrary-UICommon_Tests" */ = {
			isa = XCConfigurationList;
			buildConfigurations = (
				6003F5C3195388D20070C39A /* Debug */,
				6003F5C4195388D20070C39A /* Release */,
				BCD10E64250332DB00FD9483 /* Prerelease */,
			);
			defaultConfigurationIsVisible = 0;
			defaultConfigurationName = Release;
		};
/* End XCConfigurationList section */
	};
	rootObject = 6003F582195388D10070C39A /* Project object */;
}
